lockfileVersion: '9.0'

settings:
  autoInstallPeers: true
  excludeLinksFromLockfile: false

importers:

  .:
    dependencies:
      '@astronautlabs/mdns':
        specifier: ^1.0.10
        version: 1.0.10
      execa:
        specifier: ^9.6.1
        version: 9.6.1
      qrcode:
        specifier: ^1.5.4
        version: 1.5.4
    devDependencies:
      '@tsconfig/node20':
        specifier: 20.1.9
        version: 20.1.9
      '@types/node':
        specifier: 20.19.39
        version: 20.19.39
      '@types/qrcode':
        specifier: 1.5.6
        version: 1.5.6
      '@typescript/native-preview':
        specifier: 7.0.0-dev.20260501.1
        version: 7.0.0-dev.20260501.1
      oxfmt:
        specifier: 0.47.0
        version: 0.47.0
      oxlint:
        specifier: 1.62.0
        version: 1.62.0(oxlint-tsgolint@0.22.1)
      oxlint-tsgolint:
        specifier: 0.22.1
        version: 0.22.1
      prettier:
        specifier: 3.8.3
        version: 3.8.3
      tsx:
        specifier: 4.21.0
        version: 4.21.0

packages:

  '@astronautlabs/mdns@1.0.10':
    resolution: {integrity: sha512-9bVdQ15Tbzpor1z/bteaemC9NvRDZgMD4Cfbu1/r/6Zv6fCBXvIJJoJ6Dh/BMvTlAiT2Xewm36i0VWRnZ4yw6A==}

  '@esbuild/aix-ppc64@0.27.7':
    resolution: {integrity: sha512-EKX3Qwmhz1eMdEJokhALr0YiD0lhQNwDqkPYyPhiSwKrh7/4KRjQc04sZ8db+5DVVnZ1LmbNDI1uAMPEUBnQPg==}
    engines: {node: '>=18'}
    cpu: [ppc64]
    os: [aix]

  '@esbuild/android-arm64@0.27.7':
    resolution: {integrity: sha512-62dPZHpIXzvChfvfLJow3q5dDtiNMkwiRzPylSCfriLvZeq0a1bWChrGx/BbUbPwOrsWKMn8idSllklzBy+dgQ==}
    engines: {node: '>=18'}
    cpu: [arm64]
    os: [android]

  '@esbuild/android-arm@0.27.7':
    resolution: {integrity: sha512-jbPXvB4Yj2yBV7HUfE2KHe4GJX51QplCN1pGbYjvsyCZbQmies29EoJbkEc+vYuU5o45AfQn37vZlyXy4YJ8RQ==}
    engines: {node: '>=18'}
    cpu: [arm]
    os: [android]

  '@esbuild/android-x64@0.27.7':
    resolution: {integrity: sha512-x5VpMODneVDb70PYV2VQOmIUUiBtY3D3mPBG8NxVk5CogneYhkR7MmM3yR/uMdITLrC1ml/NV1rj4bMJuy9MCg==}
    engines: {node: '>=18'}
    cpu: [x64]
    os: [android]

  '@esbuild/darwin-arm64@0.27.7':
    resolution: {integrity: sha512-5lckdqeuBPlKUwvoCXIgI2D9/ABmPq3Rdp7IfL70393YgaASt7tbju3Ac+ePVi3KDH6N2RqePfHnXkaDtY9fkw==}
    engines: {node: '>=18'}
    cpu: [arm64]
    os: [darwin]

  '@esbuild/darwin-x64@0.27.7':
    resolution: {integrity: sha512-rYnXrKcXuT7Z+WL5K980jVFdvVKhCHhUwid+dDYQpH+qu+TefcomiMAJpIiC2EM3Rjtq0sO3StMV/+3w3MyyqQ==}
    engines: {node: '>=18'}
    cpu: [x64]
    os: [darwin]

  '@esbuild/freebsd-arm64@0.27.7':
    resolution: {integrity: sha512-B48PqeCsEgOtzME2GbNM2roU29AMTuOIN91dsMO30t+Ydis3z/3Ngoj5hhnsOSSwNzS+6JppqWsuhTp6E82l2w==}
    engines: {node: '>=18'}
    cpu: [arm64]
    os: [freebsd]

  '@esbuild/freebsd-x64@0.27.7':
    resolution: {integrity: sha512-jOBDK5XEjA4m5IJK3bpAQF9/Lelu/Z9ZcdhTRLf4cajlB+8VEhFFRjWgfy3M1O4rO2GQ/b2dLwCUGpiF/eATNQ==}
    engines: {node: '>=18'}
    cpu: [x64]
    os: [freebsd]

  '@esbuild/linux-arm64@0.27.7':
    resolution: {integrity: sha512-RZPHBoxXuNnPQO9rvjh5jdkRmVizktkT7TCDkDmQ0W2SwHInKCAV95GRuvdSvA7w4VMwfCjUiPwDi0ZO6Nfe9A==}
    engines: {node: '>=18'}
    cpu: [arm64]
    os: [linux]

  '@esbuild/linux-arm@0.27.7':
    resolution: {integrity: sha512-RkT/YXYBTSULo3+af8Ib0ykH8u2MBh57o7q/DAs3lTJlyVQkgQvlrPTnjIzzRPQyavxtPtfg0EopvDyIt0j1rA==}
    engines: {node: '>=18'}
    cpu: [arm]
    os: [linux]

  '@esbuild/linux-ia32@0.27.7':
    resolution: {integrity: sha512-GA48aKNkyQDbd3KtkplYWT102C5sn/EZTY4XROkxONgruHPU72l+gW+FfF8tf2cFjeHaRbWpOYa/uRBz/Xq1Pg==}
    engines: {node: '>=18'}
    cpu: [ia32]
    os: [linux]

  '@esbuild/linux-loong64@0.27.7':
    resolution: {integrity: sha512-a4POruNM2oWsD4WKvBSEKGIiWQF8fZOAsycHOt6JBpZ+JN2n2JH9WAv56SOyu9X5IqAjqSIPTaJkqN8F7XOQ5Q==}
    engines: {node: '>=18'}
    cpu: [loong64]
    os: [linux]

  '@esbuild/linux-mips64el@0.27.7':
    resolution: {integrity: sha512-KabT5I6StirGfIz0FMgl1I+R1H73Gp0ofL9A3nG3i/cYFJzKHhouBV5VWK1CSgKvVaG4q1RNpCTR2LuTVB3fIw==}
    engines: {node: '>=18'}
    cpu: [mips64el]
    os: [linux]

  '@esbuild/linux-ppc64@0.27.7':
    resolution: {integrity: sha512-gRsL4x6wsGHGRqhtI+ifpN/vpOFTQtnbsupUF5R5YTAg+y/lKelYR1hXbnBdzDjGbMYjVJLJTd2OFmMewAgwlQ==}
    engines: {node: '>=18'}
    cpu: [ppc64]
    os: [linux]

  '@esbuild/linux-riscv64@0.27.7':
    resolution: {integrity: sha512-hL25LbxO1QOngGzu2U5xeXtxXcW+/GvMN3ejANqXkxZ/opySAZMrc+9LY/WyjAan41unrR3YrmtTsUpwT66InQ==}
    engines: {node: '>=18'}
    cpu: [riscv64]
    os: [linux]

  '@esbuild/linux-s390x@0.27.7':
    resolution: {integrity: sha512-2k8go8Ycu1Kb46vEelhu1vqEP+UeRVj2zY1pSuPdgvbd5ykAw82Lrro28vXUrRmzEsUV0NzCf54yARIK8r0fdw==}
    engines: {node: '>=18'}
    cpu: [s390x]
    os: [linux]

  '@esbuild/linux-x64@0.27.7':
    resolution: {integrity: sha512-hzznmADPt+OmsYzw1EE33ccA+HPdIqiCRq7cQeL1Jlq2gb1+OyWBkMCrYGBJ+sxVzve2ZJEVeePbLM2iEIZSxA==}
    engines: {node: '>=18'}
    cpu: [x64]
    os: [linux]

  '@esbuild/netbsd-arm64@0.27.7':
    resolution: {integrity: sha512-b6pqtrQdigZBwZxAn1UpazEisvwaIDvdbMbmrly7cDTMFnw/+3lVxxCTGOrkPVnsYIosJJXAsILG9XcQS+Yu6w==}
    engines: {node: '>=18'}
    cpu: [arm64]
    os: [netbsd]

  '@esbuild/netbsd-x64@0.27.7':
    resolution: {integrity: sha512-OfatkLojr6U+WN5EDYuoQhtM+1xco+/6FSzJJnuWiUw5eVcicbyK3dq5EeV/QHT1uy6GoDhGbFpprUiHUYggrw==}
    engines: {node: '>=18'}
    cpu: [x64]
    os: [netbsd]

  '@esbuild/openbsd-arm64@0.27.7':
    resolution: {integrity: sha512-AFuojMQTxAz75Fo8idVcqoQWEHIXFRbOc1TrVcFSgCZtQfSdc1RXgB3tjOn/krRHENUB4j00bfGjyl2mJrU37A==}
    engines: {node: '>=18'}
    cpu: [arm64]
    os: [openbsd]

  '@esbuild/openbsd-x64@0.27.7':
    resolution: {integrity: sha512-+A1NJmfM8WNDv5CLVQYJ5PshuRm/4cI6WMZRg1by1GwPIQPCTs1GLEUHwiiQGT5zDdyLiRM/l1G0Pv54gvtKIg==}
    engines: {node: '>=18'}
    cpu: [x64]
    os: [openbsd]

  '@esbuild/openharmony-arm64@0.27.7':
    resolution: {integrity: sha512-+KrvYb/C8zA9CU/g0sR6w2RBw7IGc5J2BPnc3dYc5VJxHCSF1yNMxTV5LQ7GuKteQXZtspjFbiuW5/dOj7H4Yw==}
    engines: {node: '>=18'}
    cpu: [arm64]
    os: [openharmony]

  '@esbuild/sunos-x64@0.27.7':
    resolution: {integrity: sha512-ikktIhFBzQNt/QDyOL580ti9+5mL/YZeUPKU2ivGtGjdTYoqz6jObj6nOMfhASpS4GU4Q/Clh1QtxWAvcYKamA==}
    engines: {node: '>=18'}
    cpu: [x64]
    os: [sunos]

  '@esbuild/win32-arm64@0.27.7':
    resolution: {integrity: sha512-7yRhbHvPqSpRUV7Q20VuDwbjW5kIMwTHpptuUzV+AA46kiPze5Z7qgt6CLCK3pWFrHeNfDd1VKgyP4O+ng17CA==}
    engines: {node: '>=18'}
    cpu: [arm64]
    os: [win32]

  '@esbuild/win32-ia32@0.27.7':
    resolution: {integrity: sha512-SmwKXe6VHIyZYbBLJrhOoCJRB/Z1tckzmgTLfFYOfpMAx63BJEaL9ExI8x7v0oAO3Zh6D/Oi1gVxEYr5oUCFhw==}
    engines: {node: '>=18'}
    cpu: [ia32]
    os: [win32]

  '@esbuild/win32-x64@0.27.7':
    resolution: {integrity: sha512-56hiAJPhwQ1R4i+21FVF7V8kSD5zZTdHcVuRFMW0hn753vVfQN8xlx4uOPT4xoGH0Z/oVATuR82AiqSTDIpaHg==}
    engines: {node: '>=18'}
    cpu: [x64]
    os: [win32]

  '@oxfmt/binding-android-arm-eabi@0.47.0':
    resolution: {integrity: sha512-KrMQRdMi/upr81qT4ijK6X6BNp6jqpMY7FwILQnwIy9QLc3qpnhUx5rsCLGzn4ewsCQ0CNAspN2ogmP1GXLyLw==}
    engines: {node: ^20.19.0 || >=22.12.0}
    cpu: [arm]
    os: [android]

  '@oxfmt/binding-android-arm64@0.47.0':
    resolution: {integrity: sha512-r4ixS/PeUpAFKgrpDoZ5pSkthjZzVzKd95525Aazj+aOv9H4ulK5zYHGb7wFY5n5kZxHK8TbOJUZgoEb1ohddQ==}
    engines: {node: ^20.19.0 || >=22.12.0}
    cpu: [arm64]
    os: [android]

  '@oxfmt/binding-darwin-arm64@0.47.0':
    resolution: {integrity: sha512-CLWxiKpMl+195cm09CuaWEhJK0CirRkoMa07aR9+9AFPat2LfIKtwx1JqxZM0MTvcMe6+adlJNdVL6jdInvq3g==}
    engines: {node: ^20.19.0 || >=22.12.0}
    cpu: [arm64]
    os: [darwin]

  '@oxfmt/binding-darwin-x64@0.47.0':
    resolution: {integrity: sha512-Xq5fjTYDC50faUeLSm0rZdBqoTgleXEdD7NpJdARtQIczkCJn3xNjMUSQQkUmh4CtxkKTNL68lytcOK3e/osgg==}
    engines: {node: ^20.19.0 || >=22.12.0}
    cpu: [x64]
    os: [darwin]

  '@oxfmt/binding-freebsd-x64@0.47.0':
    resolution: {integrity: sha512-QOU9ZIJ52p5askcEC0QJvvr8trHAWoonul8bgISo6gYUL3s50zkqafBYcNAr9LJZQbsZtPfIWHk9+5+nUp1qJQ==}
    engines: {node: ^20.19.0 || >=22.12.0}
    cpu: [x64]
    os: [freebsd]

  '@oxfmt/binding-linux-arm-gnueabihf@0.47.0':
    resolution: {integrity: sha512-oJxDM1aBhPvz9gmElBv8UpxyiqhwfjcbrSxT5F0xtuUzY6dQI27/AQPIt3eu3Z5Yvn0kQl5R7MA3Z+MbnRvCBw==}
    engines: {node: ^20.19.0 || >=22.12.0}
    cpu: [arm]
    os: [linux]

  '@oxfmt/binding-linux-arm-musleabihf@0.47.0':
    resolution: {integrity: sha512-g8Lh50VS4ibGz2q6v7r9UZY4D0dM16SdrFYOMzhqIoCwGcai8VMIRUAcqn1/jlCsOOzUXJ741+kCeJt0cofakQ==}
    engines: {node: ^20.19.0 || >=22.12.0}
    cpu: [arm]
    os: [linux]

  '@oxfmt/binding-linux-arm64-gnu@0.47.0':
    resolution: {integrity: sha512-YrNT1vQ0asaXoRbrvYENPqmBfOQ9Xr8enPNOULeYfg44VjCcrUowFy5QZr+WawE0zyP8cH9e9Gxxg0fDEFzhcg==}
    engines: {node: ^20.19.0 || >=22.12.0}
    cpu: [arm64]
    os: [linux]
    libc: [glibc]

  '@oxfmt/binding-linux-arm64-musl@0.47.0':
    resolution: {integrity: sha512-IxtQC/sbBi4ubbY+MdwdanRWrG9InQJVZqyMsBa5IUaQcnSg86gQme574HxXMC1p4bo4YhV99zQ+wNnGCvEgzw==}
    engines: {node: ^20.19.0 || >=22.12.0}
    cpu: [arm64]
    os: [linux]
    libc: [musl]

  '@oxfmt/binding-linux-ppc64-gnu@0.47.0':
    resolution: {integrity: sha512-EWXEhOMbWO0q6eJSbu0QLkU8cKi0ljlYLngeDs2Ocu/pm1rrLwyQiYzlFbdnMRURI4w9ndr1sI9rSbhlJ5o23Q==}
    engines: {node: ^20.19.0 || >=22.12.0}
    cpu: [ppc64]
    os: [linux]
    libc: [glibc]

  '@oxfmt/binding-linux-riscv64-gnu@0.47.0':
    resolution: {integrity: sha512-tZrjS11TUiDuEpRaqdk8K9F9xETRyKXfuZKmdeW+Gj7coBnm7+8sBEfyt033EAFEQSlkniAXvBLh+Qja2ioGBQ==}
    engines: {node: ^20.19.0 || >=22.12.0}
    cpu: [riscv64]
    os: [linux]
    libc: [glibc]

  '@oxfmt/binding-linux-riscv64-musl@0.47.0':
    resolution: {integrity: sha512-KBFy+2CFKUCZzYwX2ZOPQKck1vjQbz+hextuc19G4r0WRJwadfAeuQMQRQvB+Ivc8brlbOVg7et8K7E467440g==}
    engines: {node: ^20.19.0 || >=22.12.0}
    cpu: [riscv64]
    os: [linux]
    libc: [musl]

  '@oxfmt/binding-linux-s390x-gnu@0.47.0':
    resolution: {integrity: sha512-REUPFKVGSiK99B+9eaPhluEVglzaoj/SMykNC5SUiV2RSsBfV5lWN7Y0iCIc251Wz3GaeAGZsJ/zj3gjarxdFg==}
    engines: {node: ^20.19.0 || >=22.12.0}
    cpu: [s390x]
    os: [linux]
    libc: [glibc]

  '@oxfmt/binding-linux-x64-gnu@0.47.0':
    resolution: {integrity: sha512-KVftVSVEDeIfRW3TIeLe3aNI/iY4m1fu5mDwHcisKMZSCMKLkrhFsjowC7o9RoqNPxbbglm2+/6KAKBIts2t0Q==}
    engines: {node: ^20.19.0 || >=22.12.0}
    cpu: [x64]
    os: [linux]
    libc: [glibc]

  '@oxfmt/binding-linux-x64-musl@0.47.0':
    resolution: {integrity: sha512-DTsmGEaA2860Aq5VUyDO8/MT9NFxwVL93RnRYmpMwK6DsSkThmvEpqoUDDljziEpAedMRG19SCogrNbINSbLUQ==}
    engines: {node: ^20.19.0 || >=22.12.0}
    cpu: [x64]
    os: [linux]
    libc: [musl]

  '@oxfmt/binding-openharmony-arm64@0.47.0':
    resolution: {integrity: sha512-8r5BDro7fLOBoq1JXHLVSs55OlrxQhEso4HVo0TcY7OXJUPYfjPoOaYL5us+yIwqyP9rQwN+rxuiNFSmaxSuOQ==}
    engines: {node: ^20.19.0 || >=22.12.0}
    cpu: [arm64]
    os: [openharmony]

  '@oxfmt/binding-win32-arm64-msvc@0.47.0':
    resolution: {integrity: sha512-qtz/gzm8IjSPUlseZ0ofW8zyHLoZsuP5HTfcGGkWkUblB89JT8GNYH3ICqjbDsqsGqXum0/ZndXTFplSdXFIcg==}
    engines: {node: ^20.19.0 || >=22.12.0}
    cpu: [arm64]
    os: [win32]

  '@oxfmt/binding-win32-ia32-msvc@0.47.0':
    resolution: {integrity: sha512-5vIcdcIDE7nCx+MXN6sm8kbC4zajDB31E86rez4i45iHNH/2NjdKlJ720xcHTr3eeiMcttCGPHPhE1TjtBDGZw==}
    engines: {node: ^20.19.0 || >=22.12.0}
    cpu: [ia32]
    os: [win32]

  '@oxfmt/binding-win32-x64-msvc@0.47.0':
    resolution: {integrity: sha512-Sr59Y5ms54ONBjxFeWhVlGyQcHXxcl9DxC23f6yXlRkcos7LXBLoO+KDfxexjHIOZh7cWqrWduzvUjJ+pHp8cQ==}
    engines: {node: ^20.19.0 || >=22.12.0}
    cpu: [x64]
    os: [win32]

  '@oxlint-tsgolint/darwin-arm64@0.22.1':
    resolution: {integrity: sha512-4150Lpgc1YM09GcjA6GSrra1JoPjC7aOpfywLjWEY4vW0Sd1qKzqHF1WRaiw0/qUZ40OATYdv3aRd7ipPkWQbw==}
    cpu: [arm64]
    os: [darwin]

  '@oxlint-tsgolint/darwin-x64@0.22.1':
    resolution: {integrity: sha512-vFWcPWYOgZs4HWcgS1EjUZg33NLcNfEYU49KGImmCfZWkflENrmBYV4HN/C0YeAPum6ZZ/goPSvQrB/cOD+NfA==}
    cpu: [x64]
    os: [darwin]

  '@oxlint-tsgolint/linux-arm64@0.22.1':
    resolution: {integrity: sha512-6LiUpP0Zir3+29FvBm7Y28q/dBjSHqTZ5MhG1Ckw4fGhI4cAvbcwXaKvbjx1TP7rRmBNOoq/M5xdpHjTb+GAew==}
    cpu: [arm64]
    os: [linux]

  '@oxlint-tsgolint/linux-x64@0.22.1':
    resolution: {integrity: sha512-fuX1hEQfpHauUbXADsfqVhRzrUrGabzGXbj5wsp2vKhV5uk/Rze8Mba9GdjFGECzvXudMGqHqxB4r6jGRdhxVA==}
    cpu: [x64]
    os: [linux]

  '@oxlint-tsgolint/win32-arm64@0.22.1':
    resolution: {integrity: sha512-8SZidAj+jrbZf9ZjBEYW0tiNZ+KasqB2zgW26qdiPpQSF/DzURnPmXz651IeA9YsmbVdHGIooEHUmev6QJdquA==}
    cpu: [arm64]
    os: [win32]

  '@oxlint-tsgolint/win32-x64@0.22.1':
    resolution: {integrity: sha512-QweSk9H5lFh5Y+WUf2Kq/OAN88V6+62ZwGhP38gqdRotI90luXSMkruFTj7Q2rYrzH4ZVNaSqx7NY8JpSfIzqg==}
    cpu: [x64]
    os: [win32]

  '@oxlint/binding-android-arm-eabi@1.62.0':
    resolution: {integrity: sha512-pKsthNECyvJh8lPTICz6VcwVy2jOqdhhsp1rlxCkhgZR47aKvXPmaRWQDv+zlXpRae4qm1MaaTnutkaOk5aofg==}
    engines: {node: ^20.19.0 || >=22.12.0}
    cpu: [arm]
    os: [android]

  '@oxlint/binding-android-arm64@1.62.0':
    resolution: {integrity: sha512-b1AUNViByvgmR2xJDubvLIr+dSuu3uraG7bsAoKo+xrpspPvu6RIn6Fhr2JUhobfep3jwUTy18Huco6GkwdvGQ==}
    engines: {node: ^20.19.0 || >=22.12.0}
    cpu: [arm64]
    os: [android]

  '@oxlint/binding-darwin-arm64@1.62.0':
    resolution: {integrity: sha512-iG+Tvf70UJ6otfwFYIHk36Sjq9cpPP5YLxkoggANNRtzgi3Tj3g8q6Ybqi6AtkU3+yg9QwF7bDCkCS6bbL4PCg==}
    engines: {node: ^20.19.0 || >=22.12.0}
    cpu: [arm64]
    os: [darwin]

  '@oxlint/binding-darwin-x64@1.62.0':
    resolution: {integrity: sha512-oOWI6YPPr5AJUx+yIDlxmuUbQjS5gZX3OH3QisawYvsZgLiQVvZtR0rPBcJTxLWqt2ClrWg0DlSrlUiG5SQNHg==}
    engines: {node: ^20.19.0 || >=22.12.0}
    cpu: [x64]
    os: [darwin]

  '@oxlint/binding-freebsd-x64@1.62.0':
    resolution: {integrity: sha512-dLP33T7VLCmLVv4cvjkVX+rmkcwNk2UfxmsZPNur/7BQHoQR60zJ7XLiRvNUawlzn0u8ngCa3itjEG73MAMa/w==}
    engines: {node: ^20.19.0 || >=22.12.0}
    cpu: [x64]
    os: [freebsd]

  '@oxlint/binding-linux-arm-gnueabihf@1.62.0':
    resolution: {integrity: sha512-fl//LWNks6qo9chNY60UDYyIwtp7a5cEx4Y/rHPjaarhuwqx6jtbzEpD5V5AqmdL4a6Y5D8zeXg5HF2Cr0QmSQ==}
    engines: {node: ^20.19.0 || >=22.12.0}
    cpu: [arm]
    os: [linux]

  '@oxlint/binding-linux-arm-musleabihf@1.62.0':
    resolution: {integrity: sha512-i5vkAuxvueTODV3J2dL61/TXewDHhMFKvtD156cIsk7GsdfiAu7zW7kY0NJXhKeFHeiMZIh7eFNjkPYH6J47HQ==}
    engines: {node: ^20.19.0 || >=22.12.0}
    cpu: [arm]
    os: [linux]

  '@oxlint/binding-linux-arm64-gnu@1.62.0':
    resolution: {integrity: sha512-QwN19LLuIGuOjEflSeJkZmOTfBdBMlTmW8xbMf8TZhjd//cxVNYQPq75q7oKZBJc6hRx3gY7sX0Egc8cEIFZYg==}
    engines: {node: ^20.19.0 || >=22.12.0}
    cpu: [arm64]
    os: [linux]
    libc: [glibc]

  '@oxlint/binding-linux-arm64-musl@1.62.0':
    resolution: {integrity: sha512-8eCy3FCDuWUM5hWujAv6heMvfZPbcCOU3SdQUAkixZLu5bSzOkNfirJiLGoQFO943xceOKkiQRMQNzH++jM3WA==}
    engines: {node: ^20.19.0 || >=22.12.0}
    cpu: [arm64]
    os: [linux]
    libc: [musl]

  '@oxlint/binding-linux-ppc64-gnu@1.62.0':
    resolution: {integrity: sha512-NjQ7K7tpTPDe9J+yq8p/s/J0E7lRCkK2uDBDqvT4XIT6f4Z0tlnr59OBg/WcrmVHER1AbrcfyxhGTXgcG8ytWg==}
    engines: {node: ^20.19.0 || >=22.12.0}
    cpu: [ppc64]
    os: [linux]
    libc: [glibc]

  '@oxlint/binding-linux-riscv64-gnu@1.62.0':
    resolution: {integrity: sha512-oKZed9gmSwze29dEt3/Wnsv6l/Ygw/FUst+8Kfpv2SGeS/glEoTGZAMQw37SVyzFV76UTHJN2snGgxK2t2+8ow==}
    engines: {node: ^20.19.0 || >=22.12.0}
    cpu: [riscv64]
    os: [linux]
    libc: [glibc]

  '@oxlint/binding-linux-riscv64-musl@1.62.0':
    resolution: {integrity: sha512-gBjBxQ+9lGpAYq+ELqw0w8QXsBnkZclFc7GRX2r0LnEVn3ZTEqeIKpKcGjucmp76Q53bvJD0i4qBWBhcfhSfGA==}
    engines: {node: ^20.19.0 || >=22.12.0}
    cpu: [riscv64]
    os: [linux]
    libc: [musl]

  '@oxlint/binding-linux-s390x-gnu@1.62.0':
    resolution: {integrity: sha512-Ew2Kxs9EQ9/mbAIJ2hvocMC0wsOu6YKzStI2eFBDt+Td5O8seVC/oxgRIHqCcl5sf5ratA1nozQBAuv7tphkHg==}
    engines: {node: ^20.19.0 || >=22.12.0}
    cpu: [s390x]
    os: [linux]
    libc: [glibc]

  '@oxlint/binding-linux-x64-gnu@1.62.0':
    resolution: {integrity: sha512-5z25jcAA0gfKyVwz71A0VXgaPlocPoTAxhlv/hgoK6tlCrfoNuw7haWbDHvGMfjXhdic4EqVXGRv5XsTqFnbRQ==}
    engines: {node: ^20.19.0 || >=22.12.0}
    cpu: [x64]
    os: [linux]
    libc: [glibc]

  '@oxlint/binding-linux-x64-musl@1.62.0':
    resolution: {integrity: sha512-IWpHmMB6ZDllPvqWDkG6AmXrN7JF5e/c4g/0PuURsmlK+vHoYZPB70rr4u1bn3I4LsKCSpqqfveyx6UCOC8wdg==}
    engines: {node: ^20.19.0 || >=22.12.0}
    cpu: [x64]
    os: [linux]
    libc: [musl]

  '@oxlint/binding-openharmony-arm64@1.62.0':
    resolution: {integrity: sha512-fjlSxxrD5pA594vkyikCS9MnPRjQawW6/BLgyTYkO+73wwPlYjkcZ7LSd974l0Q2zkHQmu4DPvJFLYA7o8xrxQ==}
    engines: {node: ^20.19.0 || >=22.12.0}
    cpu: [arm64]
    os: [openharmony]

  '@oxlint/binding-win32-arm64-msvc@1.62.0':
    resolution: {integrity: sha512-EiFXr8loNS0Ul3Gu80+9nr1T8jRmnKocqmHHg16tj5ZqTgUXyb97l2rrspVHdDluyFn9JfR4PoJFdNzw4paHww==}
    engines: {node: ^20.19.0 || >=22.12.0}
    cpu: [arm64]
    os: [win32]

  '@oxlint/binding-win32-ia32-msvc@1.62.0':
    resolution: {integrity: sha512-IgOFvL73li1bFgab+hThXYA0N2Xms2kV2MvZN95cebV+fmrZ9AVui1JSxfeeqRLo3CpPxKZlzhyq4G0cnaAvIw==}
    engines: {node: ^20.19.0 || >=22.12.0}
    cpu: [ia32]
    os: [win32]

  '@oxlint/binding-win32-x64-msvc@1.62.0':
    resolution: {integrity: sha512-6hMpyDWQ2zGA1OXFKBrdYMUveUCO8UJhkO6JdwZPd78xIdHZNhjx+pib+4fC2Cljuhjyl0QwA2F3df/bs4Bp6A==}
    engines: {node: ^20.19.0 || >=22.12.0}
    cpu: [x64]
    os: [win32]

  '@sec-ant/readable-stream@0.4.1':
    resolution: {integrity: sha512-831qok9r2t8AlxLko40y2ebgSDhenenCatLVeW/uBtnHPyhHOvG0C7TvfgecV+wHzIm5KUICgzmVpWS+IMEAeg==}

  '@sindresorhus/merge-streams@4.0.0':
    resolution: {integrity: sha512-tlqY9xq5ukxTUZBmoOp+m61cqwQD5pHJtFY3Mn8CA8ps6yghLH/Hw8UPdqg4OLmFW3IFlcXnQNmo/dh8HzXYIQ==}
    engines: {node: '>=18'}

  '@tsconfig/node20@20.1.9':
    resolution: {integrity: sha512-IjlTv1RsvnPtUcjTqtVsZExKVq+KQx4g5pCP5tI7rAs6Xesl2qFwSz/tPDBC4JajkL/MlezBu3gPUwqRHl+RIg==}

  '@types/node@20.19.39':
    resolution: {integrity: sha512-orrrD74MBUyK8jOAD/r0+lfa1I2MO6I+vAkmAWzMYbCcgrN4lCrmK52gRFQq/JRxfYPfonkr4b0jcY7Olqdqbw==}

  '@types/qrcode@1.5.6':
    resolution: {integrity: sha512-te7NQcV2BOvdj2b1hCAHzAoMNuj65kNBMz0KBaxM6c3VGBOhU0dURQKOtH8CFNI/dsKkwlv32p26qYQTWoB5bw==}

  '@typescript/native-preview-darwin-arm64@7.0.0-dev.20260501.1':
    resolution: {integrity: sha512-OIYsqKouI2U7W5Q6VgUz7+t9FpIXNFk30xSUG7gGlN1bdDniWfW7t5n6mzEtiHUVTxRgJQBjXGAlhVa6A9h+pg==}
    engines: {node: '>=16.20.0'}
    cpu: [arm64]
    os: [darwin]

  '@typescript/native-preview-darwin-x64@7.0.0-dev.20260501.1':
    resolution: {integrity: sha512-hQ5UsEyOz3ErQE3sKKHMCfJJGQenD0DSCi2ob+ywElXirG2NyFNA8cmx1g+MIm1lpQeEQslWZhe9EGwo9DJAbg==}
    engines: {node: '>=16.20.0'}
    cpu: [x64]
    os: [darwin]

  '@typescript/native-preview-linux-arm64@7.0.0-dev.20260501.1':
    resolution: {integrity: sha512-fbaFKE1UvtsQ6i1eJjBiNbglR9ywXrW/CH1sqYPEtr0WgTUpixbE6inQOXjB0jlEA9RzQq+QMzDyaCDmU82Dkw==}
    engines: {node: '>=16.20.0'}
    cpu: [arm64]
    os: [linux]

  '@typescript/native-preview-linux-arm@7.0.0-dev.20260501.1':
    resolution: {integrity: sha512-agkTW/t85XSJKWGcXdUV9ZmSi3Akh3POK+HhWehigEJR3W/jebiO9njifETfoUF6cpoYkFn+CZvfAJ00IWGZfA==}
    engines: {node: '>=16.20.0'}
    cpu: [arm]
    os: [linux]

  '@typescript/native-preview-linux-x64@7.0.0-dev.20260501.1':
    resolution: {integrity: sha512-Sd8D+S88P7K0IH1U+a8pK20ZD+GM54t48/GLw9ebSklfCdt0iKdHgprjKIcl54C3SocGCcvEBPr1thwtTO9Vtg==}
    engines: {node: '>=16.20.0'}
    cpu: [x64]
    os: [linux]

  '@typescript/native-preview-win32-arm64@7.0.0-dev.20260501.1':
    resolution: {integrity: sha512-07sJNDnU7KHfo/trv/cBXpgFBELDYJAsTx5kNvBckSQUxbX+p/b9oQ3eFbtK3zDP4EEKdeiD9EelIy22atBnzA==}
    engines: {node: '>=16.20.0'}
    cpu: [arm64]
    os: [win32]

  '@typescript/native-preview-win32-x64@7.0.0-dev.20260501.1':
    resolution: {integrity: sha512-8rzd/eQZyBuR+IRiPnIQrCwSuXIGBFiL8LsUMFqQt2WAUlQ0gGWBlLJHUVU4YNlju9QROjNHUGpJ52XGZbFv0Q==}
    engines: {node: '>=16.20.0'}
    cpu: [x64]
    os: [win32]

  '@typescript/native-preview@7.0.0-dev.20260501.1':
    resolution: {integrity: sha512-skD0ig8IzPwSY1L8VmNgfaxkfT8ImBwKeIypfZyJA+zHzWvroRKbRbT2GryOSREl22ZqLOuDfcq+7BdA0rjF2Q==}
    engines: {node: '>=16.20.0'}
    hasBin: true

  ansi-regex@5.0.1:
    resolution: {integrity: sha512-quJQXlTSUGL2LH9SUXo8VwsY4soanhgo6LNSm84E1LBcE8s3O0wpdiRzyR9z/ZZJMlMWv37qOOb9pdJlMUEKFQ==}
    engines: {node: '>=8'}

  ansi-styles@4.3.0:
    resolution: {integrity: sha512-zbB9rCJAT1rbjiVDb2hqKFHNYLxgtk8NURxZ3IZwD3F6NtxbXZQCnnSi1Lkx+IDohdPlFp222wVALIheZJQSEg==}
    engines: {node: '>=8'}

  camelcase@5.3.1:
    resolution: {integrity: sha512-L28STB170nwWS63UjtlEOE3dldQApaJXZkOI1uMFfzf3rRuPegHaHesyee+YxQ+W6SvRDQV6UrdOdRiR153wJg==}
    engines: {node: '>=6'}

  cliui@6.0.0:
    resolution: {integrity: sha512-t6wbgtoCXvAzst7QgXxJYqPt0usEfbgQdftEPbLL/cvv6HPE5VgvqCuAIDR0NgU52ds6rFwqrgakNLrHEjCbrQ==}

  color-convert@2.0.1:
    resolution: {integrity: sha512-RRECPsj7iu/xb5oKYcsFHSppFNnsj/52OVTRKb4zP5onXwVF3zVmmToNcOfGC+CRDpfK/U584fMg38ZHCaElKQ==}
    engines: {node: '>=7.0.0'}

  color-name@1.1.4:
    resolution: {integrity: sha512-dOy+3AuW3a2wNbZHIuMZpTcgjGuLU/uBL/ubcZF9OXbDo8ff4O8yVp5Bf0efS8uEoYo5q4Fx7dY9OgQGXgAsQA==}

  cross-spawn@7.0.6:
    resolution: {integrity: sha512-uV2QOWP2nWzsy2aMp8aRibhi9dlzF5Hgh5SHaB9OiTGEyDTiJJyx0uy51QXdyWbtAHNua4XJzUKca3OzKUd3vA==}
    engines: {node: '>= 8'}

  decamelize@1.2.0:
    resolution: {integrity: sha512-z2S+W9X73hAUUki+N+9Za2lBlun89zigOyGrsax+KUQ6wKW4ZoWpEYBkGhQjwAjjDCkWxhY0VKEhk8wzY7F5cA==}
    engines: {node: '>=0.10.0'}

  dijkstrajs@1.0.3:
    resolution: {integrity: sha512-qiSlmBq9+BCdCA/L46dw8Uy93mloxsPSbwnm5yrKn2vMPiy8KyAskTF6zuV/j5BMsmOGZDPs7KjU+mjb670kfA==}

  emoji-regex@8.0.0:
    resolution: {integrity: sha512-MSjYzcWNOA0ewAHpz0MxpYFvwg6yjy1NG3xteoqz644VCo/RPgnr1/GGt+ic3iJTzQ8Eu3TdM14SawnVUmGE6A==}

  esbuild@0.27.7:
    resolution: {integrity: sha512-IxpibTjyVnmrIQo5aqNpCgoACA/dTKLTlhMHihVHhdkxKyPO1uBBthumT0rdHmcsk9uMonIWS0m4FljWzILh3w==}
    engines: {node: '>=18'}
    hasBin: true

  execa@9.6.1:
    resolution: {integrity: sha512-9Be3ZoN4LmYR90tUoVu2te2BsbzHfhJyfEiAVfz7N5/zv+jduIfLrV2xdQXOHbaD6KgpGdO9PRPM1Y4Q9QkPkA==}
    engines: {node: ^18.19.0 || >=20.5.0}

  figures@6.1.0:
    resolution: {integrity: sha512-d+l3qxjSesT4V7v2fh+QnmFnUWv9lSpjarhShNTgBOfA0ttejbQUAlHLitbjkoRiDulW0OPoQPYIGhIC8ohejg==}
    engines: {node: '>=18'}

  find-up@4.1.0:
    resolution: {integrity: sha512-PpOwAdQ/YlXQ2vj8a3h8IipDuYRi3wceVQQGYWxNINccq40Anw7BlsEXCMbt1Zt+OLA6Fq9suIpIWD0OsnISlw==}
    engines: {node: '>=8'}

  fsevents@2.3.3:
    resolution: {integrity: sha512-5xoDfX+fL7faATnagmWPpbFtwh/R77WmMMqqHGS65C3vvB0YHrgF+B1YmZ3441tMj5n63k0212XNoJwzlhffQw==}
    engines: {node: ^8.16.0 || ^10.6.0 || >=11.0.0}
    os: [darwin]

  get-caller-file@2.0.5:
    resolution: {integrity: sha512-DyFP3BM/3YHTQOCUL/w0OZHR0lpKeGrxotcHWcqNEdnltqFwXVfhEBQ94eIo34AfQpo0rGki4cyIiftY06h2Fg==}
    engines: {node: 6.* || 8.* || >= 10.*}

  get-stream@9.0.1:
    resolution: {integrity: sha512-kVCxPF3vQM/N0B1PmoqVUqgHP+EeVjmZSQn+1oCRPxd2P21P2F19lIgbR3HBosbB1PUhOAoctJnfEn2GbN2eZA==}
    engines: {node: '>=18'}

  get-tsconfig@4.14.0:
    resolution: {integrity: sha512-yTb+8DXzDREzgvYmh6s9vHsSVCHeC0G3PI5bEXNBHtmshPnO+S5O7qgLEOn0I5QvMy6kpZN8K1NKGyilLb93wA==}

  human-signals@8.0.1:
    resolution: {integrity: sha512-eKCa6bwnJhvxj14kZk5NCPc6Hb6BdsU9DZcOnmQKSnO1VKrfV0zCvtttPZUsBvjmNDn8rpcJfpwSYnHBjc95MQ==}
    engines: {node: '>=18.18.0'}

  is-fullwidth-code-point@3.0.0:
    resolution: {integrity: sha512-zymm5+u+sCsSWyD9qNaejV3DFvhCKclKdizYaJUuHA83RLjb7nSuGnddCHGv0hk+KY7BMAlsWeK4Ueg6EV6XQg==}
    engines: {node: '>=8'}

  is-plain-obj@4.1.0:
    resolution: {integrity: sha512-+Pgi+vMuUNkJyExiMBt5IlFoMyKnr5zhJ4Uspz58WOhBF5QoIZkFyNHIbBAtHwzVAgk5RtndVNsDRN61/mmDqg==}
    engines: {node: '>=12'}

  is-stream@4.0.1:
    resolution: {integrity: sha512-Dnz92NInDqYckGEUJv689RbRiTSEHCQ7wOVeALbkOz999YpqT46yMRIGtSNl2iCL1waAZSx40+h59NV/EwzV/A==}
    engines: {node: '>=18'}

  is-unicode-supported@2.1.0:
    resolution: {integrity: sha512-mE00Gnza5EEB3Ds0HfMyllZzbBrmLOX3vfWoj9A9PEnTfratQ/BcaJOuMhnkhjXvb2+FkY3VuHqtAGpTPmglFQ==}
    engines: {node: '>=18'}

  isexe@2.0.0:
    resolution: {integrity: sha512-RHxMLp9lnKHGHRng9QFhRCMbYAcVpn69smSGcq3f36xjgVVWThj4qqLbTLlq7Ssj8B+fIQ1EuCEGI2lKsyQeIw==}

  locate-path@5.0.0:
    resolution: {integrity: sha512-t7hw9pI+WvuwNJXwk5zVHpyhIqzg2qTlklJOf0mVxGSbe3Fp2VieZcduNYjaLDoy6p9uGpQEGWG87WpMKlNq8g==}
    engines: {node: '>=8'}

  npm-run-path@6.0.0:
    resolution: {integrity: sha512-9qny7Z9DsQU8Ou39ERsPU4OZQlSTP47ShQzuKZ6PRXpYLtIFgl/DEBYEXKlvcEa+9tHVcK8CF81Y2V72qaZhWA==}
    engines: {node: '>=18'}

  oxfmt@0.47.0:
    resolution: {integrity: sha512-OFbkbzxKCpooQEnRmpTDnuwTX8KHXzZTQ4Df/hz85fpS67Pl+lxPEFvUtin56HIIS0B1k4X8oIzTXRZPufA2CA==}
    engines: {node: ^20.19.0 || >=22.12.0}
    hasBin: true

  oxlint-tsgolint@0.22.1:
    resolution: {integrity: sha512-YUSGSLUnoolsu8gxISEDio3q1rtsCozwfOzASUn3DT2mR2EeQ93uEEnen7s+6LpF+lyTQFln1pQfqwBh/fsVEg==}
    hasBin: true

  oxlint@1.62.0:
    resolution: {integrity: sha512-1uFkg6HakjsGIpW9wNdeW4/2LOHW9MEkoWjZUTUfQtIHyLIZPYt00w3Sg+H3lH+206FgBPHBbW5dVE5l2ExECQ==}
    engines: {node: ^20.19.0 || >=22.12.0}
    hasBin: true
    peerDependencies:
      oxlint-tsgolint: '>=0.18.0'
    peerDependenciesMeta:
      oxlint-tsgolint:
        optional: true

  p-limit@2.3.0:
    resolution: {integrity: sha512-//88mFWSJx8lxCzwdAABTJL2MyWB12+eIY7MDL2SqLmAkeKU9qxRvWuSyTjm3FUmpBEMuFfckAIqEaVGUDxb6w==}
    engines: {node: '>=6'}

  p-locate@4.1.0:
    resolution: {integrity: sha512-R79ZZ/0wAxKGu3oYMlz8jy/kbhsNrS7SKZ7PxEHBgJ5+F2mtFW2fK2cOtBh1cHYkQsbzFV7I+EoRKe6Yt0oK7A==}
    engines: {node: '>=8'}

  p-try@2.2.0:
    resolution: {integrity: sha512-R4nPAVTAU0B9D35/Gk3uJf/7XYbQcyohSKdvAxIRSNghFl4e71hVoGnBNQz9cWaXxO2I10KTC+3jMdvvoKw6dQ==}
    engines: {node: '>=6'}

  parse-ms@4.0.0:
    resolution: {integrity: sha512-TXfryirbmq34y8QBwgqCVLi+8oA3oWx2eAnSn62ITyEhEYaWRlVZ2DvMM9eZbMs/RfxPu/PK/aBLyGj4IrqMHw==}
    engines: {node: '>=18'}

  path-exists@4.0.0:
    resolution: {integrity: sha512-ak9Qy5Q7jYb2Wwcey5Fpvg2KoAc/ZIhLSLOSBmRmygPsGwkVVt0fZa0qrtMz+m6tJTAHfZQ8FnmB4MG4LWy7/w==}
    engines: {node: '>=8'}

  path-key@3.1.1:
    resolution: {integrity: sha512-ojmeN0qd+y0jszEtoY48r0Peq5dwMEkIlCOu6Q5f41lfkswXuKtYrhgoTpLnyIcHm24Uhqx+5Tqm2InSwLhE6Q==}
    engines: {node: '>=8'}

  path-key@4.0.0:
    resolution: {integrity: sha512-haREypq7xkM7ErfgIyA0z+Bj4AGKlMSdlQE2jvJo6huWD1EdkKYV+G/T4nq0YEF2vgTT8kqMFKo1uHn950r4SQ==}
    engines: {node: '>=12'}

  pngjs@5.0.0:
    resolution: {integrity: sha512-40QW5YalBNfQo5yRYmiw7Yz6TKKVr3h6970B2YE+3fQpsWcrbj1PzJgxeJ19DRQjhMbKPIuMY8rFaXc8moolVw==}
    engines: {node: '>=10.13.0'}

  prettier@3.8.3:
    resolution: {integrity: sha512-7igPTM53cGHMW8xWuVTydi2KO233VFiTNyF5hLJqpilHfmn8C8gPf+PS7dUT64YcXFbiMGZxS9pCSxL/Dxm/Jw==}
    engines: {node: '>=14'}
    hasBin: true

  pretty-ms@9.3.0:
    resolution: {integrity: sha512-gjVS5hOP+M3wMm5nmNOucbIrqudzs9v/57bWRHQWLYklXqoXKrVfYW2W9+glfGsqtPgpiz5WwyEEB+ksXIx3gQ==}
    engines: {node: '>=18'}

  qrcode@1.5.4:
    resolution: {integrity: sha512-1ca71Zgiu6ORjHqFBDpnSMTR2ReToX4l1Au1VFLyVeBTFavzQnv5JxMFr3ukHVKpSrSA2MCk0lNJSykjUfz7Zg==}
    engines: {node: '>=10.13.0'}
    hasBin: true

  require-directory@2.1.1:
    resolution: {integrity: sha512-fGxEI7+wsG9xrvdjsrlmL22OMTTiHRwAMroiEeMgq8gzoLC/PQr7RsRDSTLUg/bZAZtF+TVIkHc6/4RIKrui+Q==}
    engines: {node: '>=0.10.0'}

  require-main-filename@2.0.0:
    resolution: {integrity: sha512-NKN5kMDylKuldxYLSUfrbo5Tuzh4hd+2E8NPPX02mZtn1VuREQToYe/ZdlJy+J3uCpfaiGF05e7B8W0iXbQHmg==}

  resolve-pkg-maps@1.0.0:
    resolution: {integrity: sha512-seS2Tj26TBVOC2NIc2rOe2y2ZO7efxITtLZcGSOnHHNOQ7CkiUBfw0Iw2ck6xkIhPwLhKNLS8BO+hEpngQlqzw==}

  set-blocking@2.0.0:
    resolution: {integrity: sha512-KiKBS8AnWGEyLzofFfmvKwpdPzqiy16LvQfK3yv/fVH7Bj13/wl3JSR1J+rfgRE9q7xUJK4qvgS8raSOeLUehw==}

  shebang-command@2.0.0:
    resolution: {integrity: sha512-kHxr2zZpYtdmrN1qDjrrX/Z1rR1kG8Dx+gkpK1G4eXmvXswmcE1hTWBWYUzlraYw1/yZp6YuDY77YtvbN0dmDA==}
    engines: {node: '>=8'}

  shebang-regex@3.0.0:
    resolution: {integrity: sha512-7++dFhtcx3353uBaq8DDR4NuxBetBzC7ZQOhmTQInHEd6bSrXdiEyzCvG07Z44UYdLShWUyXt5M/yhz8ekcb1A==}
    engines: {node: '>=8'}

  signal-exit@4.1.0:
    resolution: {integrity: sha512-bzyZ1e88w9O1iNJbKnOlvYTrWPDl46O1bG0D3XInv+9tkPrxrN8jUUTiFlDkkmKWgn1M6CfIA13SuGqOa9Korw==}
    engines: {node: '>=14'}

  string-width@4.2.3:
    resolution: {integrity: sha512-wKyQRQpjJ0sIp62ErSZdGsjMJWsap5oRNihHhu6G7JVO/9jIB6UyevL+tXuOqrng8j/cxKTWyWUwvSTriiZz/g==}
    engines: {node: '>=8'}

  strip-ansi@6.0.1:
    resolution: {integrity: sha512-Y38VPSHcqkFrCpFnQ9vuSXmquuv5oXOKpGeT6aGrr3o3Gc9AlVa6JBfUSOCnbxGGZF+/0ooI7KrPuUSztUdU5A==}
    engines: {node: '>=8'}

  strip-final-newline@4.0.0:
    resolution: {integrity: sha512-aulFJcD6YK8V1G7iRB5tigAP4TsHBZZrOV8pjV++zdUwmeV8uzbY7yn6h9MswN62adStNZFuCIx4haBnRuMDaw==}
    engines: {node: '>=18'}

  tinypool@2.1.0:
    resolution: {integrity: sha512-Pugqs6M0m7Lv1I7FtxN4aoyToKg1C4tu+/381vH35y8oENM/Ai7f7C4StcoK4/+BSw9ebcS8jRiVrORFKCALLw==}
    engines: {node: ^20.0.0 || >=22.0.0}

  tsx@4.21.0:
    resolution: {integrity: sha512-5C1sg4USs1lfG0GFb2RLXsdpXqBSEhAaA/0kPL01wxzpMqLILNxIxIOKiILz+cdg/pLnOUxFYOR5yhHU666wbw==}
    engines: {node: '>=18.0.0'}
    hasBin: true

  undici-types@6.21.0:
    resolution: {integrity: sha512-iwDZqg0QAGrg9Rav5H4n0M64c3mkR59cJ6wQp+7C4nI0gsmExaedaYLNO44eT4AtBBwjbTiGPMlt2Md0T9H9JQ==}

  unicorn-magic@0.3.0:
    resolution: {integrity: sha512-+QBBXBCvifc56fsbuxZQ6Sic3wqqc3WWaqxs58gvJrcOuN83HGTCwz3oS5phzU9LthRNE9VrJCFCLUgHeeFnfA==}
    engines: {node: '>=18'}

  which-module@2.0.1:
    resolution: {integrity: sha512-iBdZ57RDvnOR9AGBhML2vFZf7h8vmBjhoaZqODJBFWHVtKkDmKuHai3cx5PgVMrX5YDNp27AofYbAwctSS+vhQ==}

  which@2.0.2:
    resolution: {integrity: sha512-BLI3Tl1TW3Pvl70l3yq3Y64i+awpwXqsGBYWkkqMtnbXgrMD+yj7rhW0kuEDxzJaYXGjEW5ogapKNMEKNMjibA==}
    engines: {node: '>= 8'}
    hasBin: true

  wrap-ansi@6.2.0:
    resolution: {integrity: sha512-r6lPcBGxZXlIcymEu7InxDMhdW0KDxpLgoFLcguasxCaJ/SOIZwINatK9KY/tf+ZrlywOKU0UDj3ATXUBfxJXA==}
    engines: {node: '>=8'}

  y18n@4.0.3:
    resolution: {integrity: sha512-JKhqTOwSrqNA1NY5lSztJ1GrBiUodLMmIZuLiDaMRJ+itFd+ABVE8XBjOvIWL+rSqNDC74LCSFmlb/U4UZ4hJQ==}

  yargs-parser@18.1.3:
    resolution: {integrity: sha512-o50j0JeToy/4K6OZcaQmW6lyXXKhq7csREXcDwk2omFPJEwUNOVtJKvmDr9EI1fAJZUyZcRF7kxGBWmRXudrCQ==}
    engines: {node: '>=6'}

  yargs@15.4.1:
    resolution: {integrity: sha512-aePbxDmcYW++PaqBsJ+HYUFwCdv4LVvdnhBy78E57PIor8/OVvhMrADFFEDh8DHDFRv/O9i3lPhsENjO7QX0+A==}
    engines: {node: '>=8'}

  yoctocolors@2.1.2:
    resolution: {integrity: sha512-CzhO+pFNo8ajLM2d2IW/R93ipy99LWjtwblvC1RsoSUMZgyLbYFr221TnSNT7GjGdYui6P459mw9JH/g/zW2ug==}
    engines: {node: '>=18'}

snapshots:

  '@astronautlabs/mdns@1.0.10': {}

  '@esbuild/aix-ppc64@0.27.7':
    optional: true

  '@esbuild/android-arm64@0.27.7':
    optional: true

  '@esbuild/android-arm@0.27.7':
    optional: true

  '@esbuild/android-x64@0.27.7':
    optional: true

  '@esbuild/darwin-arm64@0.27.7':
    optional: true

  '@esbuild/darwin-x64@0.27.7':
    optional: true

  '@esbuild/freebsd-arm64@0.27.7':
    optional: true

  '@esbuild/freebsd-x64@0.27.7':
    optional: true

  '@esbuild/linux-arm64@0.27.7':
    optional: true

  '@esbuild/linux-arm@0.27.7':
    optional: true

  '@esbuild/linux-ia32@0.27.7':
    optional: true

  '@esbuild/linux-loong64@0.27.7':
    optional: true

  '@esbuild/linux-mips64el@0.27.7':
    optional: true

  '@esbuild/linux-ppc64@0.27.7':
    optional: true

  '@esbuild/linux-riscv64@0.27.7':
    optional: true

  '@esbuild/linux-s390x@0.27.7':
    optional: true

  '@esbuild/linux-x64@0.27.7':
    optional: true

  '@esbuild/netbsd-arm64@0.27.7':
    optional: true

  '@esbuild/netbsd-x64@0.27.7':
    optional: true

  '@esbuild/openbsd-arm64@0.27.7':
    optional: true

  '@esbuild/openbsd-x64@0.27.7':
    optional: true

  '@esbuild/openharmony-arm64@0.27.7':
    optional: true

  '@esbuild/sunos-x64@0.27.7':
    optional: true

  '@esbuild/win32-arm64@0.27.7':
    optional: true

  '@esbuild/win32-ia32@0.27.7':
    optional: true

  '@esbuild/win32-x64@0.27.7':
    optional: true

  '@oxfmt/binding-android-arm-eabi@0.47.0':
    optional: true

  '@oxfmt/binding-android-arm64@0.47.0':
    optional: true

  '@oxfmt/binding-darwin-arm64@0.47.0':
    optional: true

  '@oxfmt/binding-darwin-x64@0.47.0':
    optional: true

  '@oxfmt/binding-freebsd-x64@0.47.0':
    optional: true

  '@oxfmt/binding-linux-arm-gnueabihf@0.47.0':
    optional: true

  '@oxfmt/binding-linux-arm-musleabihf@0.47.0':
    optional: true

  '@oxfmt/binding-linux-arm64-gnu@0.47.0':
    optional: true

  '@oxfmt/binding-linux-arm64-musl@0.47.0':
    optional: true

  '@oxfmt/binding-linux-ppc64-gnu@0.47.0':
    optional: true

  '@oxfmt/binding-linux-riscv64-gnu@0.47.0':
    optional: true

  '@oxfmt/binding-linux-riscv64-musl@0.47.0':
    optional: true

  '@oxfmt/binding-linux-s390x-gnu@0.47.0':
    optional: true

  '@oxfmt/binding-linux-x64-gnu@0.47.0':
    optional: true

  '@oxfmt/binding-linux-x64-musl@0.47.0':
    optional: true

  '@oxfmt/binding-openharmony-arm64@0.47.0':
    optional: true

  '@oxfmt/binding-win32-arm64-msvc@0.47.0':
    optional: true

  '@oxfmt/binding-win32-ia32-msvc@0.47.0':
    optional: true

  '@oxfmt/binding-win32-x64-msvc@0.47.0':
    optional: true

  '@oxlint-tsgolint/darwin-arm64@0.22.1':
    optional: true

  '@oxlint-tsgolint/darwin-x64@0.22.1':
    optional: true

  '@oxlint-tsgolint/linux-arm64@0.22.1':
    optional: true

  '@oxlint-tsgolint/linux-x64@0.22.1':
    optional: true

  '@oxlint-tsgolint/win32-arm64@0.22.1':
    optional: true

  '@oxlint-tsgolint/win32-x64@0.22.1':
    optional: true

  '@oxlint/binding-android-arm-eabi@1.62.0':
    optional: true

  '@oxlint/binding-android-arm64@1.62.0':
    optional: true

  '@oxlint/binding-darwin-arm64@1.62.0':
    optional: true

  '@oxlint/binding-darwin-x64@1.62.0':
    optional: true

  '@oxlint/binding-freebsd-x64@1.62.0':
    optional: true

  '@oxlint/binding-linux-arm-gnueabihf@1.62.0':
    optional: true

  '@oxlint/binding-linux-arm-musleabihf@1.62.0':
    optional: true

  '@oxlint/binding-linux-arm64-gnu@1.62.0':
    optional: true

  '@oxlint/binding-linux-arm64-musl@1.62.0':
    optional: true

  '@oxlint/binding-linux-ppc64-gnu@1.62.0':
    optional: true

  '@oxlint/binding-linux-riscv64-gnu@1.62.0':
    optional: true

  '@oxlint/binding-linux-riscv64-musl@1.62.0':
    optional: true

  '@oxlint/binding-linux-s390x-gnu@1.62.0':
    optional: true

  '@oxlint/binding-linux-x64-gnu@1.62.0':
    optional: true

  '@oxlint/binding-linux-x64-musl@1.62.0':
    optional: true

  '@oxlint/binding-openharmony-arm64@1.62.0':
    optional: true

  '@oxlint/binding-win32-arm64-msvc@1.62.0':
    optional: true

  '@oxlint/binding-win32-ia32-msvc@1.62.0':
    optional: true

  '@oxlint/binding-win32-x64-msvc@1.62.0':
    optional: true

  '@sec-ant/readable-stream@0.4.1': {}

  '@sindresorhus/merge-streams@4.0.0': {}

  '@tsconfig/node20@20.1.9': {}

  '@types/node@20.19.39':
    dependencies:
      undici-types: 6.21.0

  '@types/qrcode@1.5.6':
    dependencies:
      '@types/node': 20.19.39

  '@typescript/native-preview-darwin-arm64@7.0.0-dev.20260501.1':
    optional: true

  '@typescript/native-preview-darwin-x64@7.0.0-dev.20260501.1':
    optional: true

  '@typescript/native-preview-linux-arm64@7.0.0-dev.20260501.1':
    optional: true

  '@typescript/native-preview-linux-arm@7.0.0-dev.20260501.1':
    optional: true

  '@typescript/native-preview-linux-x64@7.0.0-dev.20260501.1':
    optional: true

  '@typescript/native-preview-win32-arm64@7.0.0-dev.20260501.1':
    optional: true

  '@typescript/native-preview-win32-x64@7.0.0-dev.20260501.1':
    optional: true

  '@typescript/native-preview@7.0.0-dev.20260501.1':
    optionalDependencies:
      '@typescript/native-preview-darwin-arm64': 7.0.0-dev.20260501.1
      '@typescript/native-preview-darwin-x64': 7.0.0-dev.20260501.1
      '@typescript/native-preview-linux-arm': 7.0.0-dev.20260501.1
      '@typescript/native-preview-linux-arm64': 7.0.0-dev.20260501.1
      '@typescript/native-preview-linux-x64': 7.0.0-dev.20260501.1
      '@typescript/native-preview-win32-arm64': 7.0.0-dev.20260501.1
      '@typescript/native-preview-win32-x64': 7.0.0-dev.20260501.1

  ansi-regex@5.0.1: {}

  ansi-styles@4.3.0:
    dependencies:
      color-convert: 2.0.1

  camelcase@5.3.1: {}

  cliui@6.0.0:
    dependencies:
      string-width: 4.2.3
      strip-ansi: 6.0.1
      wrap-ansi: 6.2.0

  color-convert@2.0.1:
    dependencies:
      color-name: 1.1.4

  color-name@1.1.4: {}

  cross-spawn@7.0.6:
    dependencies:
      path-key: 3.1.1
      shebang-command: 2.0.0
      which: 2.0.2

  decamelize@1.2.0: {}

  dijkstrajs@1.0.3: {}

  emoji-regex@8.0.0: {}

  esbuild@0.27.7:
    optionalDependencies:
      '@esbuild/aix-ppc64': 0.27.7
      '@esbuild/android-arm': 0.27.7
      '@esbuild/android-arm64': 0.27.7
      '@esbuild/android-x64': 0.27.7
      '@esbuild/darwin-arm64': 0.27.7
      '@esbuild/darwin-x64': 0.27.7
      '@esbuild/freebsd-arm64': 0.27.7
      '@esbuild/freebsd-x64': 0.27.7
      '@esbuild/linux-arm': 0.27.7
      '@esbuild/linux-arm64': 0.27.7
      '@esbuild/linux-ia32': 0.27.7
      '@esbuild/linux-loong64': 0.27.7
      '@esbuild/linux-mips64el': 0.27.7
      '@esbuild/linux-ppc64': 0.27.7
      '@esbuild/linux-riscv64': 0.27.7
      '@esbuild/linux-s390x': 0.27.7
      '@esbuild/linux-x64': 0.27.7
      '@esbuild/netbsd-arm64': 0.27.7
      '@esbuild/netbsd-x64': 0.27.7
      '@esbuild/openbsd-arm64': 0.27.7
      '@esbuild/openbsd-x64': 0.27.7
      '@esbuild/openharmony-arm64': 0.27.7
      '@esbuild/sunos-x64': 0.27.7
      '@esbuild/win32-arm64': 0.27.7
      '@esbuild/win32-ia32': 0.27.7
      '@esbuild/win32-x64': 0.27.7

  execa@9.6.1:
    dependencies:
      '@sindresorhus/merge-streams': 4.0.0
      cross-spawn: 7.0.6
      figures: 6.1.0
      get-stream: 9.0.1
      human-signals: 8.0.1
      is-plain-obj: 4.1.0
      is-stream: 4.0.1
      npm-run-path: 6.0.0
      pretty-ms: 9.3.0
      signal-exit: 4.1.0
      strip-final-newline: 4.0.0
      yoctocolors: 2.1.2

  figures@6.1.0:
    dependencies:
      is-unicode-supported: 2.1.0

  find-up@4.1.0:
    dependencies:
      locate-path: 5.0.0
      path-exists: 4.0.0

  fsevents@2.3.3:
    optional: true

  get-caller-file@2.0.5: {}

  get-stream@9.0.1:
    dependencies:
      '@sec-ant/readable-stream': 0.4.1
      is-stream: 4.0.1

  get-tsconfig@4.14.0:
    dependencies:
      resolve-pkg-maps: 1.0.0

  human-signals@8.0.1: {}

  is-fullwidth-code-point@3.0.0: {}

  is-plain-obj@4.1.0: {}

  is-stream@4.0.1: {}

  is-unicode-supported@2.1.0: {}

  isexe@2.0.0: {}

  locate-path@5.0.0:
    dependencies:
      p-locate: 4.1.0

  npm-run-path@6.0.0:
    dependencies:
      path-key: 4.0.0
      unicorn-magic: 0.3.0

  oxfmt@0.47.0:
    dependencies:
      tinypool: 2.1.0
    optionalDependencies:
      '@oxfmt/binding-android-arm-eabi': 0.47.0
      '@oxfmt/binding-android-arm64': 0.47.0
      '@oxfmt/binding-darwin-arm64': 0.47.0
      '@oxfmt/binding-darwin-x64': 0.47.0
      '@oxfmt/binding-freebsd-x64': 0.47.0
      '@oxfmt/binding-linux-arm-gnueabihf': 0.47.0
      '@oxfmt/binding-linux-arm-musleabihf': 0.47.0
      '@oxfmt/binding-linux-arm64-gnu': 0.47.0
      '@oxfmt/binding-linux-arm64-musl': 0.47.0
      '@oxfmt/binding-linux-ppc64-gnu': 0.47.0
      '@oxfmt/binding-linux-riscv64-gnu': 0.47.0
      '@oxfmt/binding-linux-riscv64-musl': 0.47.0
      '@oxfmt/binding-linux-s390x-gnu': 0.47.0
      '@oxfmt/binding-linux-x64-gnu': 0.47.0
      '@oxfmt/binding-linux-x64-musl': 0.47.0
      '@oxfmt/binding-openharmony-arm64': 0.47.0
      '@oxfmt/binding-win32-arm64-msvc': 0.47.0
      '@oxfmt/binding-win32-ia32-msvc': 0.47.0
      '@oxfmt/binding-win32-x64-msvc': 0.47.0

  oxlint-tsgolint@0.22.1:
    optionalDependencies:
      '@oxlint-tsgolint/darwin-arm64': 0.22.1
      '@oxlint-tsgolint/darwin-x64': 0.22.1
      '@oxlint-tsgolint/linux-arm64': 0.22.1
      '@oxlint-tsgolint/linux-x64': 0.22.1
      '@oxlint-tsgolint/win32-arm64': 0.22.1
      '@oxlint-tsgolint/win32-x64': 0.22.1

  oxlint@1.62.0(oxlint-tsgolint@0.22.1):
    optionalDependencies:
      '@oxlint/binding-android-arm-eabi': 1.62.0
      '@oxlint/binding-android-arm64': 1.62.0
      '@oxlint/binding-darwin-arm64': 1.62.0
      '@oxlint/binding-darwin-x64': 1.62.0
      '@oxlint/binding-freebsd-x64': 1.62.0
      '@oxlint/binding-linux-arm-gnueabihf': 1.62.0
      '@oxlint/binding-linux-arm-musleabihf': 1.62.0
      '@oxlint/binding-linux-arm64-gnu': 1.62.0
      '@oxlint/binding-linux-arm64-musl': 1.62.0
      '@oxlint/binding-linux-ppc64-gnu': 1.62.0
      '@oxlint/binding-linux-riscv64-gnu': 1.62.0
      '@oxlint/binding-linux-riscv64-musl': 1.62.0
      '@oxlint/binding-linux-s390x-gnu': 1.62.0
      '@oxlint/binding-linux-x64-gnu': 1.62.0
      '@oxlint/binding-linux-x64-musl': 1.62.0
      '@oxlint/binding-openharmony-arm64': 1.62.0
      '@oxlint/binding-win32-arm64-msvc': 1.62.0
      '@oxlint/binding-win32-ia32-msvc': 1.62.0
      '@oxlint/binding-win32-x64-msvc': 1.62.0
      oxlint-tsgolint: 0.22.1

  p-limit@2.3.0:
    dependencies:
      p-try: 2.2.0

  p-locate@4.1.0:
    dependencies:
      p-limit: 2.3.0

  p-try@2.2.0: {}

  parse-ms@4.0.0: {}

  path-exists@4.0.0: {}

  path-key@3.1.1: {}

  path-key@4.0.0: {}

  pngjs@5.0.0: {}

  prettier@3.8.3: {}

  pretty-ms@9.3.0:
    dependencies:
      parse-ms: 4.0.0

  qrcode@1.5.4:
    dependencies:
      dijkstrajs: 1.0.3
      pngjs: 5.0.0
      yargs: 15.4.1

  require-directory@2.1.1: {}

  require-main-filename@2.0.0: {}

  resolve-pkg-maps@1.0.0: {}

  set-blocking@2.0.0: {}

  shebang-command@2.0.0:
    dependencies:
      shebang-regex: 3.0.0

  shebang-regex@3.0.0: {}

  signal-exit@4.1.0: {}

  string-width@4.2.3:
    dependencies:
      emoji-regex: 8.0.0
      is-fullwidth-code-point: 3.0.0
      strip-ansi: 6.0.1

  strip-ansi@6.0.1:
    dependencies:
      ansi-regex: 5.0.1

  strip-final-newline@4.0.0: {}

  tinypool@2.1.0: {}

  tsx@4.21.0:
    dependencies:
      esbuild: 0.27.7
      get-tsconfig: 4.14.0
    optionalDependencies:
      fsevents: 2.3.3

  undici-types@6.21.0: {}

  unicorn-magic@0.3.0: {}

  which-module@2.0.1: {}

  which@2.0.2:
    dependencies:
      isexe: 2.0.0

  wrap-ansi@6.2.0:
    dependencies:
      ansi-styles: 4.3.0
      string-width: 4.2.3
      strip-ansi: 6.0.1

  y18n@4.0.3: {}

  yargs-parser@18.1.3:
    dependencies:
      camelcase: 5.3.1
      decamelize: 1.2.0

  yargs@15.4.1:
    dependencies:
      cliui: 6.0.0
      decamelize: 1.2.0
      find-up: 4.1.0
      get-caller-file: 2.0.5
      require-directory: 2.1.1
      require-main-filename: 2.0.0
      set-blocking: 2.0.0
      string-width: 4.2.3
      which-module: 2.0.1
      y18n: 4.0.3
      yargs-parser: 18.1.3

  yoctocolors@2.1.2: {}
