lockfileVersion: '9.0'

settings:
  autoInstallPeers: true
  excludeLinksFromLockfile: false

overrides:
  undici-types: ^6.25.0

importers:

  .:
    dependencies:
      dns-sd-browser:
        specifier: ^1.1.0
        version: 1.1.0
      execa:
        specifier: ^9.6.1
        version: 9.6.1
      uqr:
        specifier: ^0.1.3
        version: 0.1.3
    devDependencies:
      '@oxc-node/cli':
        specifier: 0.1.0
        version: 0.1.0
      '@tsconfig/node22':
        specifier: 22.0.5
        version: 22.0.5
      '@types/node':
        specifier: 22.19.19
        version: 22.19.19
      '@typescript/native-preview':
        specifier: 7.0.0-dev.20260521.1
        version: 7.0.0-dev.20260521.1
      oxfmt:
        specifier: 0.51.0
        version: 0.51.0
      oxlint:
        specifier: 1.66.0
        version: 1.66.0(oxlint-tsgolint@0.23.0)
      oxlint-tsgolint:
        specifier: 0.23.0
        version: 0.23.0

packages:

  '@emnapi/core@1.9.1':
    resolution: {integrity: sha512-mukuNALVsoix/w1BJwFzwXBN/dHeejQtuVzcDsfOEsdpCumXb/E9j8w11h5S54tT1xhifGfbbSm/ICrObRb3KA==}

  '@emnapi/runtime@1.9.1':
    resolution: {integrity: sha512-VYi5+ZVLhpgK4hQ0TAjiQiZ6ol0oe4mBx7mVv7IflsiEp0OWoVsp/+f9Vc1hOhE0TtkORVrI1GvzyreqpgWtkA==}

  '@emnapi/wasi-threads@1.2.0':
    resolution: {integrity: sha512-N10dEJNSsUx41Z6pZsXU8FjPjpBEplgH24sfkmITrBED1/U2Esum9F3lfLrMjKHHjmi557zQn7kR9R+XWXu5Rg==}

  '@napi-rs/wasm-runtime@1.1.4':
    resolution: {integrity: sha512-3NQNNgA1YSlJb/kMH1ildASP9HW7/7kYnRI2szWJaofaS1hWmbGI4H+d3+22aGzXXN9IJ+n+GiFVcGipJP18ow==}
    peerDependencies:
      '@emnapi/core': ^1.7.1
      '@emnapi/runtime': ^1.7.1

  '@oxc-node/cli@0.1.0':
    resolution: {integrity: sha512-SH300Zktby6X2zwaFYKftQAHSZbhX75kluHm+4KEIusGUlPD7QWi19qYKID72WBowahpUTY2vNPVxZV/bfWbEQ==}
    hasBin: true

  '@oxc-node/core-android-arm-eabi@0.1.0':
    resolution: {integrity: sha512-+ycNqMBKBz3EWpQKm7HgUMRLGKfFZsZ/JxN9ctx12CwGy0PTtjX3TB+1WEbiJrgWiZM0axBjuwe4MEqS6j1kgQ==}
    cpu: [arm]
    os: [android]

  '@oxc-node/core-android-arm64@0.1.0':
    resolution: {integrity: sha512-sJZGDgQwlawrGnLPu1ueAoM/0sUKtCUZr0y4IljarPCVbVBHimcxKcyNlzucIjyQwwiptZourCbUNHONvm4i1g==}
    cpu: [arm64]
    os: [android]

  '@oxc-node/core-darwin-arm64@0.1.0':
    resolution: {integrity: sha512-6hsKxbYCzAg390Y/URpCCDPDM4HSHl+Cxodsh2lw6GjX68FDFgLbEwOU2ivXfnXEmJMEMLSjv/0tPTBzDPIJJg==}
    cpu: [arm64]
    os: [darwin]

  '@oxc-node/core-darwin-x64@0.1.0':
    resolution: {integrity: sha512-VCygvTqrquI3u25B0D6LjO1GnAVMyuAXae4PxRwmEwNuWgWaErG3zHaaU6+hBlXysiyZWKhSXAoAAJmrwe17tA==}
    cpu: [x64]
    os: [darwin]

  '@oxc-node/core-freebsd-x64@0.1.0':
    resolution: {integrity: sha512-UQ0hCpwTOUpg1Oh/H/I0BRQmt8XCjCQArk3Cp0P1qc3/xcZ2IcTihxwIZAKLr/lkl+7Ya5rBn9zuY1fe28HaqA==}
    cpu: [x64]
    os: [freebsd]

  '@oxc-node/core-linux-arm-gnueabihf@0.1.0':
    resolution: {integrity: sha512-Z+Il9u39MIhusioOQyRfZFMRY+e6QtePxRH44bUHXj7r+eTcHXTJyaDqqCr1HRvtPc9K/re1zH2hV9yEZtHUsg==}
    cpu: [arm]
    os: [linux]

  '@oxc-node/core-linux-arm64-gnu@0.1.0':
    resolution: {integrity: sha512-nt2IT6MCZApyWsaEjky2znYZIII/BphuqD5mtnbGrFeF3dBpO6U2JiXHCQK/FZ/yrVLlCmcPgcOEL6yMYu8Tiw==}
    cpu: [arm64]
    os: [linux]
    libc: [glibc]

  '@oxc-node/core-linux-arm64-musl@0.1.0':
    resolution: {integrity: sha512-0CYLp49qV4KIZmgckqiNcHiLROcb9J1sQSejIKJwbgcaoBLRw5olRCUE9cOi424jRxzXq50zsEv4ihheSA71pQ==}
    cpu: [arm64]
    os: [linux]
    libc: [musl]

  '@oxc-node/core-linux-ppc64-gnu@0.1.0':
    resolution: {integrity: sha512-eRarcfNvV0NorkUx5oywdUlC+E35dQCwZzI9BRe6ePywyeCBGJw6D5NnMdPfhCI1olPTkpPdCHXjY/gcl8XH3Q==}
    cpu: [ppc64]
    os: [linux]
    libc: [glibc]

  '@oxc-node/core-linux-s390x-gnu@0.1.0':
    resolution: {integrity: sha512-PZx57NdmM9jq5jWXV1uk/PfHuDbodQ71KIwkNtLqLTdgJZS69m9Xi9j0vo6yyMBGJMD+aYK79eO0KxPU/5TgSA==}
    cpu: [s390x]
    os: [linux]
    libc: [glibc]

  '@oxc-node/core-linux-x64-gnu@0.1.0':
    resolution: {integrity: sha512-N9lTK2chPpsXx0Ur6nUTW7OFE0d0wK4qpbb7WJAyJ48mU9bC22xuCi2yGDB748n16Yly3+mCJ+LiU7r3aBLZhA==}
    cpu: [x64]
    os: [linux]
    libc: [glibc]

  '@oxc-node/core-linux-x64-musl@0.1.0':
    resolution: {integrity: sha512-xs/ObZhHfN6AcAcjYQQkaeXBR1khm7ZlF6uOpmEhdAiG80P1aVw9ndEYz0LQHp2iVhPaRL9UfYuVKLqKah1TAA==}
    cpu: [x64]
    os: [linux]
    libc: [musl]

  '@oxc-node/core-openharmony-arm64@0.1.0':
    resolution: {integrity: sha512-B7ixIkc5G7pIqZmWM8oqi/qDdcRdo//mTNM4ChFNU1oou2Hy/FlidAKppMLFVRc4ddRrp6uEvYrT1LgZnjzn6g==}
    cpu: [arm64]
    os: [openharmony]

  '@oxc-node/core-wasm32-wasi@0.1.0':
    resolution: {integrity: sha512-W4jM3S4XRgtpCKDGNGitCCfinIlyRAKoiQHi1nM+Nul3+Xf2RZqFOgBzdHxT+CahrT8kDi+p7gDGQN3uziwM1A==}
    engines: {node: '>=14.0.0'}
    cpu: [wasm32]

  '@oxc-node/core-win32-arm64-msvc@0.1.0':
    resolution: {integrity: sha512-3Qi2tdV+JSqK5Cfcpg3FX54zR78dBEFk+/usFXcF+bhMiBy8YmXGd+yDudl+wwEYf9Xz+Hqx74u8YCXrWDAUTg==}
    cpu: [arm64]
    os: [win32]

  '@oxc-node/core-win32-ia32-msvc@0.1.0':
    resolution: {integrity: sha512-j66qK1qu5FcmfmIYdv1bp7gIuOi1LCDhzFOu7UdWZyFrinZHh7gHnLHngpSibM/M2Zp/mVLLWD2Ojlsy+8VtNA==}
    cpu: [ia32]
    os: [win32]

  '@oxc-node/core-win32-x64-msvc@0.1.0':
    resolution: {integrity: sha512-S3qWlUQ7ZrOSLG1IwNiqQEovJU8MZ11Vc9k+NUzNTO20zFPEt9Jq1wFElusxJZBqBsd7AUXIq08n9dXC/ialbg==}
    cpu: [x64]
    os: [win32]

  '@oxc-node/core@0.1.0':
    resolution: {integrity: sha512-Spk/ey3zg1CpBU1eUHBPbAbfFddntutZPPsweh+kNh9M9Ksc8j9OCujralW9HrVyi6nNWek1PnMfSZ7NPLLCKA==}

  '@oxfmt/binding-android-arm-eabi@0.51.0':
    resolution: {integrity: sha512-Ni0sCqg5CIHaLIYFGj+ncbcumylvNC6FE4rfD0KfdmnWHbPJ+zev0qZCXKxy2hFVa0fYRK0yPzf5nzPbkZou7g==}
    engines: {node: ^20.19.0 || >=22.12.0}
    cpu: [arm]
    os: [android]

  '@oxfmt/binding-android-arm64@0.51.0':
    resolution: {integrity: sha512-eu5lAZjuo0KAkp+M24EhDqfOwA8owQ8d7wyBlOUUGRbDLHpU3IRlDHp8Dif+YqGlxs6jra7yS6WQu/NkPhAxeg==}
    engines: {node: ^20.19.0 || >=22.12.0}
    cpu: [arm64]
    os: [android]

  '@oxfmt/binding-darwin-arm64@0.51.0':
    resolution: {integrity: sha512-6LsUNIdURhhcIfIn8+xsOb61mSTa9msAHTeSGx9Jf4rsP/gN8PGCF+SKWPAQZbND2w/WBkqQ6303jqEEIXzMdQ==}
    engines: {node: ^20.19.0 || >=22.12.0}
    cpu: [arm64]
    os: [darwin]

  '@oxfmt/binding-darwin-x64@0.51.0':
    resolution: {integrity: sha512-9aUMGmVxdHjYMsEAW1tNRoieTJXlVNDFkRvIR1J7LttJXWjVYCu2ekclLij2KJtxBxSQOYSHd12ME/adVGVbZg==}
    engines: {node: ^20.19.0 || >=22.12.0}
    cpu: [x64]
    os: [darwin]

  '@oxfmt/binding-freebsd-x64@0.51.0':
    resolution: {integrity: sha512-mkY1nhZTqYb+NHaAWxOCKISN6FwdrwMNsu17vTUA3wzUV2VJ+Paq15ZokRcsMU/2PUdHO73prxyeJpjXQ3MPpQ==}
    engines: {node: ^20.19.0 || >=22.12.0}
    cpu: [x64]
    os: [freebsd]

  '@oxfmt/binding-linux-arm-gnueabihf@0.51.0':
    resolution: {integrity: sha512-wtFwNwE4+YCNuPaWoGDZeGsKvD6D1YSUNBJNn/rJBh7CrDBThFE+TBI5kY7vRW9rIOQRsbW2IpyyL3Du4Zqwiw==}
    engines: {node: ^20.19.0 || >=22.12.0}
    cpu: [arm]
    os: [linux]

  '@oxfmt/binding-linux-arm-musleabihf@0.51.0':
    resolution: {integrity: sha512-rnOaNx86G7iRKM6lsCIQMux0SMGNC/TEbFR+r7lpruJ12bnrIWgxd5w1PLqOvgR9r8ZJbpK/zfRKctJnh8/Jfg==}
    engines: {node: ^20.19.0 || >=22.12.0}
    cpu: [arm]
    os: [linux]

  '@oxfmt/binding-linux-arm64-gnu@0.51.0':
    resolution: {integrity: sha512-jOgDzSqWcICGRjsp4mc08FxKMN8vzP2Kgs4E0d2HUP99F+nJDQKklRV4Zuj+0gcBgjrzx2CbpqaIdUVPepCojA==}
    engines: {node: ^20.19.0 || >=22.12.0}
    cpu: [arm64]
    os: [linux]
    libc: [glibc]

  '@oxfmt/binding-linux-arm64-musl@0.51.0':
    resolution: {integrity: sha512-KBUCdrH5bwVrAvI9gU/1S55oH6fzXjr++J/oVocdu7bYTks1l7DNNT+rLd/1TDdAEjObGwmfWamn7LC1m8A0DQ==}
    engines: {node: ^20.19.0 || >=22.12.0}
    cpu: [arm64]
    os: [linux]
    libc: [musl]

  '@oxfmt/binding-linux-ppc64-gnu@0.51.0':
    resolution: {integrity: sha512-NapfjYsABFqTJ1Dn9Efq6sN5esaHconVKwVLbDGNQLrwpOx/g17mkwErHzU72PutL67nf3wNAkbq122H+zLxag==}
    engines: {node: ^20.19.0 || >=22.12.0}
    cpu: [ppc64]
    os: [linux]
    libc: [glibc]

  '@oxfmt/binding-linux-riscv64-gnu@0.51.0':
    resolution: {integrity: sha512-5dlDt1dUZCVi6elIhiK1PWg9wpTzTcIuj0IZnSurvIoMrhOWqqTcc1dSTxcSkNaBZhfsNqRZdINI1zAgbKkJNQ==}
    engines: {node: ^20.19.0 || >=22.12.0}
    cpu: [riscv64]
    os: [linux]
    libc: [glibc]

  '@oxfmt/binding-linux-riscv64-musl@0.51.0':
    resolution: {integrity: sha512-pgdWUJn0S5nulyiVdlFV8DzCUnGXkU99W5PSkkmbaZW+LrZBPxpezun4G0DDHbQaVYuJeCuKsXsGKGo77CkUTQ==}
    engines: {node: ^20.19.0 || >=22.12.0}
    cpu: [riscv64]
    os: [linux]
    libc: [musl]

  '@oxfmt/binding-linux-s390x-gnu@0.51.0':
    resolution: {integrity: sha512-2XTFUe97CbDGAI8vjwDfZ1HdakO0XIADyJ24idEg64SC4/K4in/OisXVnrW4NMK7I6TgC7EqRhC0Ln/nKhAemA==}
    engines: {node: ^20.19.0 || >=22.12.0}
    cpu: [s390x]
    os: [linux]
    libc: [glibc]

  '@oxfmt/binding-linux-x64-gnu@0.51.0':
    resolution: {integrity: sha512-kQ1OuCqqt/yyf0ZN9VFxW1/JnlgJgii3Dr7pWf9vNBvrX1hv6g39/+mc5oGRHRGJFZtl3zsGDWR9c5N2B/gwBw==}
    engines: {node: ^20.19.0 || >=22.12.0}
    cpu: [x64]
    os: [linux]
    libc: [glibc]

  '@oxfmt/binding-linux-x64-musl@0.51.0':
    resolution: {integrity: sha512-ARTYqxHF475o96Gbn41hvSWSSRygPlRDXZZgZ9I2scU1y0qiWpCQyZCoefaQa0mwv+wwtZ+luS4YOzsRzM/izg==}
    engines: {node: ^20.19.0 || >=22.12.0}
    cpu: [x64]
    os: [linux]
    libc: [musl]

  '@oxfmt/binding-openharmony-arm64@0.51.0':
    resolution: {integrity: sha512-QiC1XrCl6a6BmqMzduO8hdIRMf1m44hCkt2Q68KWkTvUB/E7fd2iomyNh6KnnRca5w6eBrRAAtLFqTh+xjsjJA==}
    engines: {node: ^20.19.0 || >=22.12.0}
    cpu: [arm64]
    os: [openharmony]

  '@oxfmt/binding-win32-arm64-msvc@0.51.0':
    resolution: {integrity: sha512-NC/hJb9dtU23Zf8L7IVK95xnFjiQ7AfcLO2l5pb69TDEr958qxrtnB2CveeeNSCBFNIkgaTCfd/vHNSoG78l9g==}
    engines: {node: ^20.19.0 || >=22.12.0}
    cpu: [arm64]
    os: [win32]

  '@oxfmt/binding-win32-ia32-msvc@0.51.0':
    resolution: {integrity: sha512-2C45za4Rj36n8YIbhRL1PQbxmXJYf81WEcAgvj5I4ptRROG+A+81hREEN5bmCHADE1UfYaN312U6tkILoZZy6w==}
    engines: {node: ^20.19.0 || >=22.12.0}
    cpu: [ia32]
    os: [win32]

  '@oxfmt/binding-win32-x64-msvc@0.51.0':
    resolution: {integrity: sha512-73RqdAuVKQTkjZIDw08JaDHUM4lav5Qu+CaPwg4QbbA7k8o7LEW0p3UsfZ/F8dsO/pwVYh3RzFcanwLRTTahbQ==}
    engines: {node: ^20.19.0 || >=22.12.0}
    cpu: [x64]
    os: [win32]

  '@oxlint-tsgolint/darwin-arm64@0.23.0':
    resolution: {integrity: sha512-gOs9PVr2wEg4ox9z0aJo+RKhhImW86YL5N6yav8BK/rgPsIrwN/igSZ+pbRr723NFvUNKde9fgMhRA6JrXAOZw==}
    cpu: [arm64]
    os: [darwin]

  '@oxlint-tsgolint/darwin-x64@0.23.0':
    resolution: {integrity: sha512-kjJ8B+7n4tB9VJdxS5A9GdJt6/bYpzbu4lXp2uO1S3sRmCB5gDEABlGoiePNApRWaW+xqL4b4xgiE727jSLhuA==}
    cpu: [x64]
    os: [darwin]

  '@oxlint-tsgolint/linux-arm64@0.23.0':
    resolution: {integrity: sha512-6dCZuKNu135seMXilkRk9SpCx6i1XgmiipYGalLij5WVRX6ZYS8c4xI7preN/zv9fCXhsQclTIMDu2Y/cytTjw==}
    cpu: [arm64]
    os: [linux]

  '@oxlint-tsgolint/linux-x64@0.23.0':
    resolution: {integrity: sha512-3bdilnyA7kmSTjK27rvjIjSxL5SIg3wt7vwNiRkouWB83ytssyKnuGvxSYJxgMEmFpSutzaBzcCUM2jDtPGcgA==}
    cpu: [x64]
    os: [linux]

  '@oxlint-tsgolint/win32-arm64@0.23.0':
    resolution: {integrity: sha512-j+OEp44SVYiQ+ZD+uttsX7u6L9SvmbbQ77SO1pSFCcJlsVMeCk8qZsjhKfGKuT/jIA+ipOJMVs/+pqUfObBWNw==}
    cpu: [arm64]
    os: [win32]

  '@oxlint-tsgolint/win32-x64@0.23.0':
    resolution: {integrity: sha512-5MyjFuqf+g8OUPJBSGWHJtmoWnzFJYyOg4To9WMQshZYEWig/vtu7JtJ03VWnzHv9LJkAUeApY0gVCOywFR/iQ==}
    cpu: [x64]
    os: [win32]

  '@oxlint/binding-android-arm-eabi@1.66.0':
    resolution: {integrity: sha512-f7kq8N51T4phpzqfBpA2qaVTI/KrkCmNwaj3t/97I/WLTDI+UhlP5GL9eER+zVxBhtlx5rKXWByJU1/zDAvyaw==}
    engines: {node: ^20.19.0 || >=22.12.0}
    cpu: [arm]
    os: [android]

  '@oxlint/binding-android-arm64@1.66.0':
    resolution: {integrity: sha512-xu6QO71tdDS9mjmLZ3AqhtaVHBvdmsOKkYnReNNDgh+XiwnsipeQOIxbiYOOO0iAXycJ+GK0wdMSZP/2j/AmSg==}
    engines: {node: ^20.19.0 || >=22.12.0}
    cpu: [arm64]
    os: [android]

  '@oxlint/binding-darwin-arm64@1.66.0':
    resolution: {integrity: sha512-HZ24VimSOC7mxuEA99e0H2FS0C1yO3+iW13jPRAk+e2njsUs3QeAXsafCDyaIrV/MirdOVez+etQNQsJE43zNQ==}
    engines: {node: ^20.19.0 || >=22.12.0}
    cpu: [arm64]
    os: [darwin]

  '@oxlint/binding-darwin-x64@1.66.0':
    resolution: {integrity: sha512-awhj8ZvJrrRSnXj7V++rpZvTmnl99L6mi0B7gg7Cp7BN6cKpzuI481bHNLvXGA9GB1/oEgA3ponuyoAc6Md12A==}
    engines: {node: ^20.19.0 || >=22.12.0}
    cpu: [x64]
    os: [darwin]

  '@oxlint/binding-freebsd-x64@1.66.0':
    resolution: {integrity: sha512-KQF0oVV21/FjIqkRuL8Q1vh8ECsE5+ocdH5tcqTQ4ZnYuDVoYibQUNfqBjQaUsP6UIIda5Y75Wpm5p4RgQWiWw==}
    engines: {node: ^20.19.0 || >=22.12.0}
    cpu: [x64]
    os: [freebsd]

  '@oxlint/binding-linux-arm-gnueabihf@1.66.0':
    resolution: {integrity: sha512-9u1rgwZSEXWb30vbFZzQ78HVXBo0WCKNwJ3a2InRUTNMRng+PUDIoSFmA+m4HdUfBaIqftShq8J8qHc+eE/Vig==}
    engines: {node: ^20.19.0 || >=22.12.0}
    cpu: [arm]
    os: [linux]

  '@oxlint/binding-linux-arm-musleabihf@1.66.0':
    resolution: {integrity: sha512-Ynot2HR1bHxUaNWoC280MVTDfZuaWuP3XfSMRDhyuZrVjhzoaBCVFlw8h8qeZjWKVUBhPWFIxB7AQTlK8Z2WWg==}
    engines: {node: ^20.19.0 || >=22.12.0}
    cpu: [arm]
    os: [linux]

  '@oxlint/binding-linux-arm64-gnu@1.66.0':
    resolution: {integrity: sha512-xCbgzciGgo+A4aQZEknsNrNiIwY7sU5SfRuMmRjPIvZAgdF34cIHiKvwOsS5XRLjlTVSFwitmq6YclTtHTfU+g==}
    engines: {node: ^20.19.0 || >=22.12.0}
    cpu: [arm64]
    os: [linux]
    libc: [glibc]

  '@oxlint/binding-linux-arm64-musl@1.66.0':
    resolution: {integrity: sha512-hmo+ZB/lHkR1HdDmnziNpzSLmulnUSu10VEqX2Yex7OwvoBAbjJQLvy4gIBRV3AAwWnCvAxKp5Nv1GE6LU1QMg==}
    engines: {node: ^20.19.0 || >=22.12.0}
    cpu: [arm64]
    os: [linux]
    libc: [musl]

  '@oxlint/binding-linux-ppc64-gnu@1.66.0':
    resolution: {integrity: sha512-2Invd4Uyy81mVooQC5FBtfxSNrvcX1OxbMlVQ6M2erRrNI2awFYF26YNW2yFxdVFZ4ffNOWKghtMjhnUPsXsVA==}
    engines: {node: ^20.19.0 || >=22.12.0}
    cpu: [ppc64]
    os: [linux]
    libc: [glibc]

  '@oxlint/binding-linux-riscv64-gnu@1.66.0':
    resolution: {integrity: sha512-s0iXPDQVdgayE3RGa/N2DZF7tjgg0TwEtD1sGoDxqPDGrIXgo45H0yHknT0f9A0yteASsweYZtDyTuVlM4aSag==}
    engines: {node: ^20.19.0 || >=22.12.0}
    cpu: [riscv64]
    os: [linux]
    libc: [glibc]

  '@oxlint/binding-linux-riscv64-musl@1.66.0':
    resolution: {integrity: sha512-OekL4XFiu7RPK0JIZi8VeHgtIXPREf42t8Cy/rKEsC+P3gcqDgNAAGiyuUOpdbG4wwbfue1q4CHcCO7spSve6w==}
    engines: {node: ^20.19.0 || >=22.12.0}
    cpu: [riscv64]
    os: [linux]
    libc: [musl]

  '@oxlint/binding-linux-s390x-gnu@1.66.0':
    resolution: {integrity: sha512-Ga1D0kj1SFslm34ThA/BdkUlyAYEnTsXyRC4pF0C5agZSwtGdHYWMTQWemUfBGp4RCG4QWXgdO+HmmmKqOtlBg==}
    engines: {node: ^20.19.0 || >=22.12.0}
    cpu: [s390x]
    os: [linux]
    libc: [glibc]

  '@oxlint/binding-linux-x64-gnu@1.66.0':
    resolution: {integrity: sha512-p5jfP1wUZe/IC3qpQO84n9DRnf9g3lKRtLBlQq23ykyrDglHcVx7sWmVTlPuU6SBw8mNnPzyOn022G3XZHnlww==}
    engines: {node: ^20.19.0 || >=22.12.0}
    cpu: [x64]
    os: [linux]
    libc: [glibc]

  '@oxlint/binding-linux-x64-musl@1.66.0':
    resolution: {integrity: sha512-vUB/sYlYZorDL1ZD+o9mRv7zbsykrrFRtmgS6R8musZqLtrPRQn1gc1eGpuX+sfdccz42STl/AqldY6XRb2upQ==}
    engines: {node: ^20.19.0 || >=22.12.0}
    cpu: [x64]
    os: [linux]
    libc: [musl]

  '@oxlint/binding-openharmony-arm64@1.66.0':
    resolution: {integrity: sha512-yde+6p/F59xRkGR9H1HfngWRif1QRJjynZK349l+UI0H6w9hL3G8/AVaTHFyTtLVQ56qtNbX2/5Dc77n1ovnOg==}
    engines: {node: ^20.19.0 || >=22.12.0}
    cpu: [arm64]
    os: [openharmony]

  '@oxlint/binding-win32-arm64-msvc@1.66.0':
    resolution: {integrity: sha512-O9GLucgoTdmOrbBX+EjzNe7o/Ze5TFOvXcib6bzUOtBOmj6cV+zw18NgB+cGKAkDw1Pdqs8vGkfHbbsLuDtXWg==}
    engines: {node: ^20.19.0 || >=22.12.0}
    cpu: [arm64]
    os: [win32]

  '@oxlint/binding-win32-ia32-msvc@1.66.0':
    resolution: {integrity: sha512-m3Pjwc2MfTcom4E4gOv7DyuGyt7OfGNCbmqDHd+N7EzXmP+ppHuudm2NjcA3AjV5TSeGxaguVF4SbTKHe1USYA==}
    engines: {node: ^20.19.0 || >=22.12.0}
    cpu: [ia32]
    os: [win32]

  '@oxlint/binding-win32-x64-msvc@1.66.0':
    resolution: {integrity: sha512-/DbBvw8UFBhja6PqudUjV4UtfsJr0Oa7jUjWVKB0g86lj/VwnPrkngn0sFql3c9RDA0O16dh7ozsXb6GjNAzBQ==}
    engines: {node: ^20.19.0 || >=22.12.0}
    cpu: [x64]
    os: [win32]

  '@sec-ant/readable-stream@0.4.1':
    resolution: {integrity: sha512-831qok9r2t8AlxLko40y2ebgSDhenenCatLVeW/uBtnHPyhHOvG0C7TvfgecV+wHzIm5KUICgzmVpWS+IMEAeg==}

  '@sindresorhus/merge-streams@4.0.0':
    resolution: {integrity: sha512-tlqY9xq5ukxTUZBmoOp+m61cqwQD5pHJtFY3Mn8CA8ps6yghLH/Hw8UPdqg4OLmFW3IFlcXnQNmo/dh8HzXYIQ==}
    engines: {node: '>=18'}

  '@tsconfig/node22@22.0.5':
    resolution: {integrity: sha512-hLf2ld+sYN/BtOJjHUWOk568dvjFQkHnLNa6zce25GIH+vxKfvTgm3qpaH6ToF5tu/NN0IH66s+Bb5wElHrLcw==}

  '@tybys/wasm-util@0.10.2':
    resolution: {integrity: sha512-RoBvJ2X0wuKlWFIjrwffGw1IqZHKQqzIchKaadZZfnNpsAYp2mM0h36JtPCjNDAHGgYez/15uMBpfGwchhiMgg==}

  '@types/node@22.19.19':
    resolution: {integrity: sha512-dyh/xO2Fh5bYrfWaaqGrRQQGkNdmYw6AmaAUvYeUMNTWQtvb796ikLdmTchRmOlOiIJ1TDXfWgVx1QkUlQ6Hew==}

  '@typescript/native-preview-darwin-arm64@7.0.0-dev.20260521.1':
    resolution: {integrity: sha512-DfwzV0Qc8VDHqQXG4uc0+bbHB23u/Twrl+D7H1Izo16MmwBse3kjdKAKCJDqeboYvofx/AetKZP9yo+VxjvOWg==}
    engines: {node: '>=16.20.0'}
    cpu: [arm64]
    os: [darwin]

  '@typescript/native-preview-darwin-x64@7.0.0-dev.20260521.1':
    resolution: {integrity: sha512-tTtyAkx7VUgfRa+DGJa1/nR40/LsdbA5EUlSTnGV/3I6la7JB5hJxhWz+B99WjHjJbZrMrLxf6S4YHTj13GWew==}
    engines: {node: '>=16.20.0'}
    cpu: [x64]
    os: [darwin]

  '@typescript/native-preview-linux-arm64@7.0.0-dev.20260521.1':
    resolution: {integrity: sha512-IMyER6SquHD/0rr7727rqTILbY7XWATFp/O1l9CRAEs9E0OY0yPmyHXFT8MYja5m4+isgsMBh618zLt8Ex1h/w==}
    engines: {node: '>=16.20.0'}
    cpu: [arm64]
    os: [linux]

  '@typescript/native-preview-linux-arm@7.0.0-dev.20260521.1':
    resolution: {integrity: sha512-R+KzxOA6M6AX4p757xNBy8bZgNTXUxjQkEnJk2UzDpB317pwBbrpOaOaIlgB6Giw79jvKH2E428VWhXAk4ydlw==}
    engines: {node: '>=16.20.0'}
    cpu: [arm]
    os: [linux]

  '@typescript/native-preview-linux-x64@7.0.0-dev.20260521.1':
    resolution: {integrity: sha512-xLfDu7chsn0TJagd2oX2Z4nj3m/TRiwQmijGUgF8O0+IblKgbQcp6Egjd9VCRsGwfPidoLgElVrfcAkYfUSnGA==}
    engines: {node: '>=16.20.0'}
    cpu: [x64]
    os: [linux]

  '@typescript/native-preview-win32-arm64@7.0.0-dev.20260521.1':
    resolution: {integrity: sha512-+kcewCXj0A0bpJOx/BVjjcTs8vglcxfYuZdzyQl8O9vM1GoA7LF+jUf5Z7E2qlpKt5By/8c7wXp+4/ACM9drzQ==}
    engines: {node: '>=16.20.0'}
    cpu: [arm64]
    os: [win32]

  '@typescript/native-preview-win32-x64@7.0.0-dev.20260521.1':
    resolution: {integrity: sha512-Uh2PjzN3S/TGTDERgaT4O5rexiWO0nn0oXdCnBVyo0d1rbgDxq/zxsSOZdzdrQn6BRGa8x+6fVtrVFcIw4B+7w==}
    engines: {node: '>=16.20.0'}
    cpu: [x64]
    os: [win32]

  '@typescript/native-preview@7.0.0-dev.20260521.1':
    resolution: {integrity: sha512-JhaYbA+BVmHfya8h4QA1HsX6EZr7qaLOoOOHEwwR1ps42wN8LFDSSTbf1y2nPO3h927yh2Udl7gto1u7WGXjAQ==}
    engines: {node: '>=16.20.0'}
    hasBin: true

  cross-spawn@7.0.6:
    resolution: {integrity: sha512-uV2QOWP2nWzsy2aMp8aRibhi9dlzF5Hgh5SHaB9OiTGEyDTiJJyx0uy51QXdyWbtAHNua4XJzUKca3OzKUd3vA==}
    engines: {node: '>= 8'}

  dns-sd-browser@1.1.0:
    resolution: {integrity: sha512-CdGPEIgiPn592BdiMgcSXISm8Rs7IA3SOdCnKPxv0i5EjumdteAfxmp101Y9/vAxJ+fLghFcEYtTaAROv46PyA==}
    engines: {node: '>=18.20.0'}

  execa@9.6.1:
    resolution: {integrity: sha512-9Be3ZoN4LmYR90tUoVu2te2BsbzHfhJyfEiAVfz7N5/zv+jduIfLrV2xdQXOHbaD6KgpGdO9PRPM1Y4Q9QkPkA==}
    engines: {node: ^18.19.0 || >=20.5.0}

  figures@6.1.0:
    resolution: {integrity: sha512-d+l3qxjSesT4V7v2fh+QnmFnUWv9lSpjarhShNTgBOfA0ttejbQUAlHLitbjkoRiDulW0OPoQPYIGhIC8ohejg==}
    engines: {node: '>=18'}

  get-stream@9.0.1:
    resolution: {integrity: sha512-kVCxPF3vQM/N0B1PmoqVUqgHP+EeVjmZSQn+1oCRPxd2P21P2F19lIgbR3HBosbB1PUhOAoctJnfEn2GbN2eZA==}
    engines: {node: '>=18'}

  human-signals@8.0.1:
    resolution: {integrity: sha512-eKCa6bwnJhvxj14kZk5NCPc6Hb6BdsU9DZcOnmQKSnO1VKrfV0zCvtttPZUsBvjmNDn8rpcJfpwSYnHBjc95MQ==}
    engines: {node: '>=18.18.0'}

  is-plain-obj@4.1.0:
    resolution: {integrity: sha512-+Pgi+vMuUNkJyExiMBt5IlFoMyKnr5zhJ4Uspz58WOhBF5QoIZkFyNHIbBAtHwzVAgk5RtndVNsDRN61/mmDqg==}
    engines: {node: '>=12'}

  is-stream@4.0.1:
    resolution: {integrity: sha512-Dnz92NInDqYckGEUJv689RbRiTSEHCQ7wOVeALbkOz999YpqT46yMRIGtSNl2iCL1waAZSx40+h59NV/EwzV/A==}
    engines: {node: '>=18'}

  is-unicode-supported@2.1.0:
    resolution: {integrity: sha512-mE00Gnza5EEB3Ds0HfMyllZzbBrmLOX3vfWoj9A9PEnTfratQ/BcaJOuMhnkhjXvb2+FkY3VuHqtAGpTPmglFQ==}
    engines: {node: '>=18'}

  isexe@2.0.0:
    resolution: {integrity: sha512-RHxMLp9lnKHGHRng9QFhRCMbYAcVpn69smSGcq3f36xjgVVWThj4qqLbTLlq7Ssj8B+fIQ1EuCEGI2lKsyQeIw==}

  npm-run-path@6.0.0:
    resolution: {integrity: sha512-9qny7Z9DsQU8Ou39ERsPU4OZQlSTP47ShQzuKZ6PRXpYLtIFgl/DEBYEXKlvcEa+9tHVcK8CF81Y2V72qaZhWA==}
    engines: {node: '>=18'}

  oxfmt@0.51.0:
    resolution: {integrity: sha512-l/AoAnaEOV7Q5/Z9kHOMDehVJnCgYN7wRoooWCTUMBMi16BJhLZqd9cmCnwcVFfVlzkt53zK2KLPFNp8vSsoDg==}
    engines: {node: ^20.19.0 || >=22.12.0}
    hasBin: true
    peerDependencies:
      svelte: ^5.0.0
    peerDependenciesMeta:
      svelte:
        optional: true

  oxlint-tsgolint@0.23.0:
    resolution: {integrity: sha512-3mBv3CoPbh8dFbzfDGIWa2ytZjn2v+3EX4aKRXjIhsoGFzG8GCjfRirz3rwZf1wYbZzsNLTSgpw8VjQuWdp/jA==}
    hasBin: true

  oxlint@1.66.0:
    resolution: {integrity: sha512-N4LLxYLd94KEBqXDMDM5f+2PUpItTjDLreXe2Gn5KhjhCK4Qp2YUXaBi8Yu325ryOgKwt22m45fpD7nPOn69Yw==}
    engines: {node: ^20.19.0 || >=22.12.0}
    hasBin: true
    peerDependencies:
      oxlint-tsgolint: '>=0.22.1'
    peerDependenciesMeta:
      oxlint-tsgolint:
        optional: true

  parse-ms@4.0.0:
    resolution: {integrity: sha512-TXfryirbmq34y8QBwgqCVLi+8oA3oWx2eAnSn62ITyEhEYaWRlVZ2DvMM9eZbMs/RfxPu/PK/aBLyGj4IrqMHw==}
    engines: {node: '>=18'}

  path-key@3.1.1:
    resolution: {integrity: sha512-ojmeN0qd+y0jszEtoY48r0Peq5dwMEkIlCOu6Q5f41lfkswXuKtYrhgoTpLnyIcHm24Uhqx+5Tqm2InSwLhE6Q==}
    engines: {node: '>=8'}

  path-key@4.0.0:
    resolution: {integrity: sha512-haREypq7xkM7ErfgIyA0z+Bj4AGKlMSdlQE2jvJo6huWD1EdkKYV+G/T4nq0YEF2vgTT8kqMFKo1uHn950r4SQ==}
    engines: {node: '>=12'}

  pirates@4.0.7:
    resolution: {integrity: sha512-TfySrs/5nm8fQJDcBDuUng3VOUKsd7S+zqvbOTiGXHfxX4wK31ard+hoNuvkicM/2YFzlpDgABOevKSsB4G/FA==}
    engines: {node: '>= 6'}

  pretty-ms@9.3.0:
    resolution: {integrity: sha512-gjVS5hOP+M3wMm5nmNOucbIrqudzs9v/57bWRHQWLYklXqoXKrVfYW2W9+glfGsqtPgpiz5WwyEEB+ksXIx3gQ==}
    engines: {node: '>=18'}

  shebang-command@2.0.0:
    resolution: {integrity: sha512-kHxr2zZpYtdmrN1qDjrrX/Z1rR1kG8Dx+gkpK1G4eXmvXswmcE1hTWBWYUzlraYw1/yZp6YuDY77YtvbN0dmDA==}
    engines: {node: '>=8'}

  shebang-regex@3.0.0:
    resolution: {integrity: sha512-7++dFhtcx3353uBaq8DDR4NuxBetBzC7ZQOhmTQInHEd6bSrXdiEyzCvG07Z44UYdLShWUyXt5M/yhz8ekcb1A==}
    engines: {node: '>=8'}

  signal-exit@4.1.0:
    resolution: {integrity: sha512-bzyZ1e88w9O1iNJbKnOlvYTrWPDl46O1bG0D3XInv+9tkPrxrN8jUUTiFlDkkmKWgn1M6CfIA13SuGqOa9Korw==}
    engines: {node: '>=14'}

  strip-final-newline@4.0.0:
    resolution: {integrity: sha512-aulFJcD6YK8V1G7iRB5tigAP4TsHBZZrOV8pjV++zdUwmeV8uzbY7yn6h9MswN62adStNZFuCIx4haBnRuMDaw==}
    engines: {node: '>=18'}

  tinypool@2.1.0:
    resolution: {integrity: sha512-Pugqs6M0m7Lv1I7FtxN4aoyToKg1C4tu+/381vH35y8oENM/Ai7f7C4StcoK4/+BSw9ebcS8jRiVrORFKCALLw==}
    engines: {node: ^20.0.0 || >=22.0.0}

  tslib@2.8.1:
    resolution: {integrity: sha512-oJFu94HQb+KVduSUQL7wnpmqnfmLsOA/nAh6b6EH0wCEoK0/mPeXU6c3wKDV83MkOuHPRHtSXKKU99IBazS/2w==}

  undici-types@6.25.0:
    resolution: {integrity: sha512-vOw74RVVYFtnooUkZPxsY1GuuNNupSrCcANIAaDekpZ/Dp1sBuLLl5n2UCKpzxgmOwD66S4Jj24MrhmcDG+0vw==}

  unicorn-magic@0.3.0:
    resolution: {integrity: sha512-+QBBXBCvifc56fsbuxZQ6Sic3wqqc3WWaqxs58gvJrcOuN83HGTCwz3oS5phzU9LthRNE9VrJCFCLUgHeeFnfA==}
    engines: {node: '>=18'}

  uqr@0.1.3:
    resolution: {integrity: sha512-0rjE8iEJe4YmT9TOhwsZtqCMRLc5DXZUI2UEYUUg63ikBkqqE5EYWaI0etFe/5KUcmcYwLih2RND1kq+hrUJXA==}

  which@2.0.2:
    resolution: {integrity: sha512-BLI3Tl1TW3Pvl70l3yq3Y64i+awpwXqsGBYWkkqMtnbXgrMD+yj7rhW0kuEDxzJaYXGjEW5ogapKNMEKNMjibA==}
    engines: {node: '>= 8'}
    hasBin: true

  yoctocolors@2.1.2:
    resolution: {integrity: sha512-CzhO+pFNo8ajLM2d2IW/R93ipy99LWjtwblvC1RsoSUMZgyLbYFr221TnSNT7GjGdYui6P459mw9JH/g/zW2ug==}
    engines: {node: '>=18'}

snapshots:

  '@emnapi/core@1.9.1':
    dependencies:
      '@emnapi/wasi-threads': 1.2.0
      tslib: 2.8.1
    optional: true

  '@emnapi/runtime@1.9.1':
    dependencies:
      tslib: 2.8.1
    optional: true

  '@emnapi/wasi-threads@1.2.0':
    dependencies:
      tslib: 2.8.1
    optional: true

  '@napi-rs/wasm-runtime@1.1.4(@emnapi/core@1.9.1)(@emnapi/runtime@1.9.1)':
    dependencies:
      '@emnapi/core': 1.9.1
      '@emnapi/runtime': 1.9.1
      '@tybys/wasm-util': 0.10.2
    optional: true

  '@oxc-node/cli@0.1.0':
    dependencies:
      '@oxc-node/core': 0.1.0

  '@oxc-node/core-android-arm-eabi@0.1.0':
    optional: true

  '@oxc-node/core-android-arm64@0.1.0':
    optional: true

  '@oxc-node/core-darwin-arm64@0.1.0':
    optional: true

  '@oxc-node/core-darwin-x64@0.1.0':
    optional: true

  '@oxc-node/core-freebsd-x64@0.1.0':
    optional: true

  '@oxc-node/core-linux-arm-gnueabihf@0.1.0':
    optional: true

  '@oxc-node/core-linux-arm64-gnu@0.1.0':
    optional: true

  '@oxc-node/core-linux-arm64-musl@0.1.0':
    optional: true

  '@oxc-node/core-linux-ppc64-gnu@0.1.0':
    optional: true

  '@oxc-node/core-linux-s390x-gnu@0.1.0':
    optional: true

  '@oxc-node/core-linux-x64-gnu@0.1.0':
    optional: true

  '@oxc-node/core-linux-x64-musl@0.1.0':
    optional: true

  '@oxc-node/core-openharmony-arm64@0.1.0':
    optional: true

  '@oxc-node/core-wasm32-wasi@0.1.0':
    dependencies:
      '@emnapi/core': 1.9.1
      '@emnapi/runtime': 1.9.1
      '@napi-rs/wasm-runtime': 1.1.4(@emnapi/core@1.9.1)(@emnapi/runtime@1.9.1)
    optional: true

  '@oxc-node/core-win32-arm64-msvc@0.1.0':
    optional: true

  '@oxc-node/core-win32-ia32-msvc@0.1.0':
    optional: true

  '@oxc-node/core-win32-x64-msvc@0.1.0':
    optional: true

  '@oxc-node/core@0.1.0':
    dependencies:
      pirates: 4.0.7
    optionalDependencies:
      '@oxc-node/core-android-arm-eabi': 0.1.0
      '@oxc-node/core-android-arm64': 0.1.0
      '@oxc-node/core-darwin-arm64': 0.1.0
      '@oxc-node/core-darwin-x64': 0.1.0
      '@oxc-node/core-freebsd-x64': 0.1.0
      '@oxc-node/core-linux-arm-gnueabihf': 0.1.0
      '@oxc-node/core-linux-arm64-gnu': 0.1.0
      '@oxc-node/core-linux-arm64-musl': 0.1.0
      '@oxc-node/core-linux-ppc64-gnu': 0.1.0
      '@oxc-node/core-linux-s390x-gnu': 0.1.0
      '@oxc-node/core-linux-x64-gnu': 0.1.0
      '@oxc-node/core-linux-x64-musl': 0.1.0
      '@oxc-node/core-openharmony-arm64': 0.1.0
      '@oxc-node/core-wasm32-wasi': 0.1.0
      '@oxc-node/core-win32-arm64-msvc': 0.1.0
      '@oxc-node/core-win32-ia32-msvc': 0.1.0
      '@oxc-node/core-win32-x64-msvc': 0.1.0

  '@oxfmt/binding-android-arm-eabi@0.51.0':
    optional: true

  '@oxfmt/binding-android-arm64@0.51.0':
    optional: true

  '@oxfmt/binding-darwin-arm64@0.51.0':
    optional: true

  '@oxfmt/binding-darwin-x64@0.51.0':
    optional: true

  '@oxfmt/binding-freebsd-x64@0.51.0':
    optional: true

  '@oxfmt/binding-linux-arm-gnueabihf@0.51.0':
    optional: true

  '@oxfmt/binding-linux-arm-musleabihf@0.51.0':
    optional: true

  '@oxfmt/binding-linux-arm64-gnu@0.51.0':
    optional: true

  '@oxfmt/binding-linux-arm64-musl@0.51.0':
    optional: true

  '@oxfmt/binding-linux-ppc64-gnu@0.51.0':
    optional: true

  '@oxfmt/binding-linux-riscv64-gnu@0.51.0':
    optional: true

  '@oxfmt/binding-linux-riscv64-musl@0.51.0':
    optional: true

  '@oxfmt/binding-linux-s390x-gnu@0.51.0':
    optional: true

  '@oxfmt/binding-linux-x64-gnu@0.51.0':
    optional: true

  '@oxfmt/binding-linux-x64-musl@0.51.0':
    optional: true

  '@oxfmt/binding-openharmony-arm64@0.51.0':
    optional: true

  '@oxfmt/binding-win32-arm64-msvc@0.51.0':
    optional: true

  '@oxfmt/binding-win32-ia32-msvc@0.51.0':
    optional: true

  '@oxfmt/binding-win32-x64-msvc@0.51.0':
    optional: true

  '@oxlint-tsgolint/darwin-arm64@0.23.0':
    optional: true

  '@oxlint-tsgolint/darwin-x64@0.23.0':
    optional: true

  '@oxlint-tsgolint/linux-arm64@0.23.0':
    optional: true

  '@oxlint-tsgolint/linux-x64@0.23.0':
    optional: true

  '@oxlint-tsgolint/win32-arm64@0.23.0':
    optional: true

  '@oxlint-tsgolint/win32-x64@0.23.0':
    optional: true

  '@oxlint/binding-android-arm-eabi@1.66.0':
    optional: true

  '@oxlint/binding-android-arm64@1.66.0':
    optional: true

  '@oxlint/binding-darwin-arm64@1.66.0':
    optional: true

  '@oxlint/binding-darwin-x64@1.66.0':
    optional: true

  '@oxlint/binding-freebsd-x64@1.66.0':
    optional: true

  '@oxlint/binding-linux-arm-gnueabihf@1.66.0':
    optional: true

  '@oxlint/binding-linux-arm-musleabihf@1.66.0':
    optional: true

  '@oxlint/binding-linux-arm64-gnu@1.66.0':
    optional: true

  '@oxlint/binding-linux-arm64-musl@1.66.0':
    optional: true

  '@oxlint/binding-linux-ppc64-gnu@1.66.0':
    optional: true

  '@oxlint/binding-linux-riscv64-gnu@1.66.0':
    optional: true

  '@oxlint/binding-linux-riscv64-musl@1.66.0':
    optional: true

  '@oxlint/binding-linux-s390x-gnu@1.66.0':
    optional: true

  '@oxlint/binding-linux-x64-gnu@1.66.0':
    optional: true

  '@oxlint/binding-linux-x64-musl@1.66.0':
    optional: true

  '@oxlint/binding-openharmony-arm64@1.66.0':
    optional: true

  '@oxlint/binding-win32-arm64-msvc@1.66.0':
    optional: true

  '@oxlint/binding-win32-ia32-msvc@1.66.0':
    optional: true

  '@oxlint/binding-win32-x64-msvc@1.66.0':
    optional: true

  '@sec-ant/readable-stream@0.4.1': {}

  '@sindresorhus/merge-streams@4.0.0': {}

  '@tsconfig/node22@22.0.5': {}

  '@tybys/wasm-util@0.10.2':
    dependencies:
      tslib: 2.8.1
    optional: true

  '@types/node@22.19.19':
    dependencies:
      undici-types: 6.25.0

  '@typescript/native-preview-darwin-arm64@7.0.0-dev.20260521.1':
    optional: true

  '@typescript/native-preview-darwin-x64@7.0.0-dev.20260521.1':
    optional: true

  '@typescript/native-preview-linux-arm64@7.0.0-dev.20260521.1':
    optional: true

  '@typescript/native-preview-linux-arm@7.0.0-dev.20260521.1':
    optional: true

  '@typescript/native-preview-linux-x64@7.0.0-dev.20260521.1':
    optional: true

  '@typescript/native-preview-win32-arm64@7.0.0-dev.20260521.1':
    optional: true

  '@typescript/native-preview-win32-x64@7.0.0-dev.20260521.1':
    optional: true

  '@typescript/native-preview@7.0.0-dev.20260521.1':
    optionalDependencies:
      '@typescript/native-preview-darwin-arm64': 7.0.0-dev.20260521.1
      '@typescript/native-preview-darwin-x64': 7.0.0-dev.20260521.1
      '@typescript/native-preview-linux-arm': 7.0.0-dev.20260521.1
      '@typescript/native-preview-linux-arm64': 7.0.0-dev.20260521.1
      '@typescript/native-preview-linux-x64': 7.0.0-dev.20260521.1
      '@typescript/native-preview-win32-arm64': 7.0.0-dev.20260521.1
      '@typescript/native-preview-win32-x64': 7.0.0-dev.20260521.1

  cross-spawn@7.0.6:
    dependencies:
      path-key: 3.1.1
      shebang-command: 2.0.0
      which: 2.0.2

  dns-sd-browser@1.1.0: {}

  execa@9.6.1:
    dependencies:
      '@sindresorhus/merge-streams': 4.0.0
      cross-spawn: 7.0.6
      figures: 6.1.0
      get-stream: 9.0.1
      human-signals: 8.0.1
      is-plain-obj: 4.1.0
      is-stream: 4.0.1
      npm-run-path: 6.0.0
      pretty-ms: 9.3.0
      signal-exit: 4.1.0
      strip-final-newline: 4.0.0
      yoctocolors: 2.1.2

  figures@6.1.0:
    dependencies:
      is-unicode-supported: 2.1.0

  get-stream@9.0.1:
    dependencies:
      '@sec-ant/readable-stream': 0.4.1
      is-stream: 4.0.1

  human-signals@8.0.1: {}

  is-plain-obj@4.1.0: {}

  is-stream@4.0.1: {}

  is-unicode-supported@2.1.0: {}

  isexe@2.0.0: {}

  npm-run-path@6.0.0:
    dependencies:
      path-key: 4.0.0
      unicorn-magic: 0.3.0

  oxfmt@0.51.0:
    dependencies:
      tinypool: 2.1.0
    optionalDependencies:
      '@oxfmt/binding-android-arm-eabi': 0.51.0
      '@oxfmt/binding-android-arm64': 0.51.0
      '@oxfmt/binding-darwin-arm64': 0.51.0
      '@oxfmt/binding-darwin-x64': 0.51.0
      '@oxfmt/binding-freebsd-x64': 0.51.0
      '@oxfmt/binding-linux-arm-gnueabihf': 0.51.0
      '@oxfmt/binding-linux-arm-musleabihf': 0.51.0
      '@oxfmt/binding-linux-arm64-gnu': 0.51.0
      '@oxfmt/binding-linux-arm64-musl': 0.51.0
      '@oxfmt/binding-linux-ppc64-gnu': 0.51.0
      '@oxfmt/binding-linux-riscv64-gnu': 0.51.0
      '@oxfmt/binding-linux-riscv64-musl': 0.51.0
      '@oxfmt/binding-linux-s390x-gnu': 0.51.0
      '@oxfmt/binding-linux-x64-gnu': 0.51.0
      '@oxfmt/binding-linux-x64-musl': 0.51.0
      '@oxfmt/binding-openharmony-arm64': 0.51.0
      '@oxfmt/binding-win32-arm64-msvc': 0.51.0
      '@oxfmt/binding-win32-ia32-msvc': 0.51.0
      '@oxfmt/binding-win32-x64-msvc': 0.51.0

  oxlint-tsgolint@0.23.0:
    optionalDependencies:
      '@oxlint-tsgolint/darwin-arm64': 0.23.0
      '@oxlint-tsgolint/darwin-x64': 0.23.0
      '@oxlint-tsgolint/linux-arm64': 0.23.0
      '@oxlint-tsgolint/linux-x64': 0.23.0
      '@oxlint-tsgolint/win32-arm64': 0.23.0
      '@oxlint-tsgolint/win32-x64': 0.23.0

  oxlint@1.66.0(oxlint-tsgolint@0.23.0):
    optionalDependencies:
      '@oxlint/binding-android-arm-eabi': 1.66.0
      '@oxlint/binding-android-arm64': 1.66.0
      '@oxlint/binding-darwin-arm64': 1.66.0
      '@oxlint/binding-darwin-x64': 1.66.0
      '@oxlint/binding-freebsd-x64': 1.66.0
      '@oxlint/binding-linux-arm-gnueabihf': 1.66.0
      '@oxlint/binding-linux-arm-musleabihf': 1.66.0
      '@oxlint/binding-linux-arm64-gnu': 1.66.0
      '@oxlint/binding-linux-arm64-musl': 1.66.0
      '@oxlint/binding-linux-ppc64-gnu': 1.66.0
      '@oxlint/binding-linux-riscv64-gnu': 1.66.0
      '@oxlint/binding-linux-riscv64-musl': 1.66.0
      '@oxlint/binding-linux-s390x-gnu': 1.66.0
      '@oxlint/binding-linux-x64-gnu': 1.66.0
      '@oxlint/binding-linux-x64-musl': 1.66.0
      '@oxlint/binding-openharmony-arm64': 1.66.0
      '@oxlint/binding-win32-arm64-msvc': 1.66.0
      '@oxlint/binding-win32-ia32-msvc': 1.66.0
      '@oxlint/binding-win32-x64-msvc': 1.66.0
      oxlint-tsgolint: 0.23.0

  parse-ms@4.0.0: {}

  path-key@3.1.1: {}

  path-key@4.0.0: {}

  pirates@4.0.7: {}

  pretty-ms@9.3.0:
    dependencies:
      parse-ms: 4.0.0

  shebang-command@2.0.0:
    dependencies:
      shebang-regex: 3.0.0

  shebang-regex@3.0.0: {}

  signal-exit@4.1.0: {}

  strip-final-newline@4.0.0: {}

  tinypool@2.1.0: {}

  tslib@2.8.1:
    optional: true

  undici-types@6.25.0: {}

  unicorn-magic@0.3.0: {}

  uqr@0.1.3: {}

  which@2.0.2:
    dependencies:
      isexe: 2.0.0

  yoctocolors@2.1.2: {}
